// !$*UTF8*$!
{
	archiveVersion = 1;
	classes = {
	};
	objectVersion = 46;
	objects = {

/* Begin PBXBuildFile section */
		091555011D6DAA4B00A77571 /* HTTPClient.cpp in Sources */ = {isa = PBXBuildFile; fileRef = 091554FA1D6DAA4B00A77571 /* HTTPClient.cpp */; };
		091555021D6DAA4B00A77571 /* MimeTypes.cpp in Sources */ = {isa = PBXBuildFile; fileRef = 091554FF1D6DAA4B00A77571 /* MimeTypes.cpp */; };
		094617BE1CFBCE8C002A55EC /* TimeEx.cpp in Sources */ = {isa = PBXBuildFile; fileRef = 094617BC1CFBCE8C002A55EC /* TimeEx.cpp */; };
		095286721ACA31DB00718FA9 /* Foundation.framework in Frameworks */ = {isa = PBXBuildFile; fileRef = 095286711ACA31DB00718FA9 /* Foundation.framework */; };
		09745DA41CB8F6EC009D350F /* DataStream.cpp in Sources */ = {isa = PBXBuildFile; fileRef = 09745B2E1CB8F6E8009D350F /* DataStream.cpp */; };
		09745DA51CB8F6EC009D350F /* MathEx.cpp in Sources */ = {isa = PBXBuildFile; fileRef = 09745B321CB8F6E8009D350F /* MathEx.cpp */; };
		09745DA61CB8F6EC009D350F /* MathUtil.cpp in Sources */ = {isa = PBXBuildFile; fileRef = 09745B341CB8F6E8009D350F /* MathUtil.cpp */; };
		09745DA71CB8F6EC009D350F /* Matrix.cpp in Sources */ = {isa = PBXBuildFile; fileRef = 09745B381CB8F6E8009D350F /* Matrix.cpp */; };
		09745DA81CB8F6EC009D350F /* Quaternion.cpp in Sources */ = {isa = PBXBuildFile; fileRef = 09745B3D1CB8F6E8009D350F /* Quaternion.cpp */; };
		09745DA91CB8F6EC009D350F /* Rect.cpp in Sources */ = {isa = PBXBuildFile; fileRef = 09745B401CB8F6E8009D350F /* Rect.cpp */; };
		09745DAA1CB8F6EC009D350F /* Size.cpp in Sources */ = {isa = PBXBuildFile; fileRef = 09745B431CB8F6E8009D350F /* Size.cpp */; };
		09745DAB1CB8F6EC009D350F /* Value.cpp in Sources */ = {isa = PBXBuildFile; fileRef = 09745B461CB8F6E8009D350F /* Value.cpp */; };
		09745DAC1CB8F6EC009D350F /* Vector2.cpp in Sources */ = {isa = PBXBuildFile; fileRef = 09745B491CB8F6E8009D350F /* Vector2.cpp */; };
		09745DAD1CB8F6EC009D350F /* Vector3.cpp in Sources */ = {isa = PBXBuildFile; fileRef = 09745B4C1CB8F6E8009D350F /* Vector3.cpp */; };
		09745DAE1CB8F6EC009D350F /* Vector4.cpp in Sources */ = {isa = PBXBuildFile; fileRef = 09745B4F1CB8F6E8009D350F /* Vector4.cpp */; };
		09745DAF1CB8F6EC009D350F /* aes.cpp in Sources */ = {isa = PBXBuildFile; fileRef = 09745B5D1CB8F6E8009D350F /* aes.cpp */; };
		09745DB01CB8F6EC009D350F /* Base64.cpp in Sources */ = {isa = PBXBuildFile; fileRef = 09745B5F1CB8F6E8009D350F /* Base64.cpp */; };
		09745DD81CB8F6EC009D350F /* ConvertUTF.c in Sources */ = {isa = PBXBuildFile; fileRef = 09745BF91CB8F6E8009D350F /* ConvertUTF.c */; };
		09745DD91CB8F6EC009D350F /* ConvertUTFWrapper.cpp in Sources */ = {isa = PBXBuildFile; fileRef = 09745BFB1CB8F6E8009D350F /* ConvertUTFWrapper.cpp */; };
		09745DDA1CB8F6EC009D350F /* libcrypto.a in Frameworks */ = {isa = PBXBuildFile; fileRef = 09745C1A1CB8F6E9009D350F /* libcrypto.a */; };
		09745DDB1CB8F6EC009D350F /* libcurl.a in Frameworks */ = {isa = PBXBuildFile; fileRef = 09745C1B1CB8F6E9009D350F /* libcurl.a */; };
		09745DDC1CB8F6EC009D350F /* liblua.a in Frameworks */ = {isa = PBXBuildFile; fileRef = 09745C1C1CB8F6E9009D350F /* liblua.a */; };
		09745DDD1CB8F6EC009D350F /* libluajit.a in Frameworks */ = {isa = PBXBuildFile; fileRef = 09745C1D1CB8F6E9009D350F /* libluajit.a */; };
		09745DDE1CB8F6EC009D350F /* libssl.a in Frameworks */ = {isa = PBXBuildFile; fileRef = 09745C1E1CB8F6E9009D350F /* libssl.a */; };
		09745DDF1CB8F6EC009D350F /* libz.a in Frameworks */ = {isa = PBXBuildFile; fileRef = 09745C1F1CB8F6E9009D350F /* libz.a */; };
		09745DEC1CB8F6EC009D350F /* ioapi.cpp in Sources */ = {isa = PBXBuildFile; fileRef = 09745C8E1CB8F6E9009D350F /* ioapi.cpp */; };
		09745DED1CB8F6EC009D350F /* ioapi_mem.cpp in Sources */ = {isa = PBXBuildFile; fileRef = 09745C901CB8F6E9009D350F /* ioapi_mem.cpp */; };
		09745DEE1CB8F6EC009D350F /* unzip.cpp in Sources */ = {isa = PBXBuildFile; fileRef = 09745C921CB8F6E9009D350F /* unzip.cpp */; };
		09745DF61CB8F6EC009D350F /* DelegateManager.cpp in Sources */ = {isa = PBXBuildFile; fileRef = 09745CBD1CB8F6EB009D350F /* DelegateManager.cpp */; };
		09745DF71CB8F6EC009D350F /* Exception.cpp in Sources */ = {isa = PBXBuildFile; fileRef = 09745CBF1CB8F6EB009D350F /* Exception.cpp */; };
		09745DF81CB8F6EC009D350F /* Logger.cpp in Sources */ = {isa = PBXBuildFile; fileRef = 09745CC21CB8F6EB009D350F /* Logger.cpp */; };
		09745DF91CB8F6EC009D350F /* MessageQueue.cpp in Sources */ = {isa = PBXBuildFile; fileRef = 09745CC41CB8F6EB009D350F /* MessageQueue.cpp */; };
		09745DFA1CB8F6EC009D350F /* Scheduler.cpp in Sources */ = {isa = PBXBuildFile; fileRef = 09745CC61CB8F6EB009D350F /* Scheduler.cpp */; };
		09745DFB1CB8F6EC009D350F /* StringUtils.cpp in Sources */ = {isa = PBXBuildFile; fileRef = 09745CC91CB8F6EB009D350F /* StringUtils.cpp */; };
		09745DFD1CB8F6EC009D350F /* Version.cpp in Sources */ = {isa = PBXBuildFile; fileRef = 09745CD11CB8F6EB009D350F /* Version.cpp */; };
		09745DFE1CB8F6EC009D350F /* WorkQueue.cpp in Sources */ = {isa = PBXBuildFile; fileRef = 09745CD31CB8F6EB009D350F /* WorkQueue.cpp */; };
		09745E161CB8F6EC009D350F /* Downloader.cpp in Sources */ = {isa = PBXBuildFile; fileRef = 09745D401CB8F6EC009D350F /* Downloader.cpp */; };
		09745E171CB8F6EC009D350F /* DownloaderImpl.cpp in Sources */ = {isa = PBXBuildFile; fileRef = 09745D421CB8F6EC009D350F /* DownloaderImpl.cpp */; };
		09745E181CB8F6EC009D350F /* LuaEngine.cpp in Sources */ = {isa = PBXBuildFile; fileRef = 09745D471CB8F6EC009D350F /* LuaEngine.cpp */; };
		09745E191CB8F6EC009D350F /* LuaLoader.cpp in Sources */ = {isa = PBXBuildFile; fileRef = 09745D491CB8F6EC009D350F /* LuaLoader.cpp */; };
		09745E1A1CB8F6EC009D350F /* LuaStack.cpp in Sources */ = {isa = PBXBuildFile; fileRef = 09745D4D1CB8F6EC009D350F /* LuaStack.cpp */; };
		09745E1B1CB8F6EC009D350F /* LuaValue.cpp in Sources */ = {isa = PBXBuildFile; fileRef = 09745D4F1CB8F6EC009D350F /* LuaValue.cpp */; };
		09745E1C1CB8F6EC009D350F /* Script.cpp in Sources */ = {isa = PBXBuildFile; fileRef = 09745D511CB8F6EC009D350F /* Script.cpp */; };
		09745E231CB8F6EC009D350F /* FileUtils.cpp in Sources */ = {isa = PBXBuildFile; fileRef = 09745D651CB8F6EC009D350F /* FileUtils.cpp */; };
		09745E241CB8F6EC009D350F /* FileUtils_apple.mm in Sources */ = {isa = PBXBuildFile; fileRef = 09745D681CB8F6EC009D350F /* FileUtils_apple.mm */; };
		09745E251CB8F6EC009D350F /* PlatformIos.mm in Sources */ = {isa = PBXBuildFile; fileRef = 09745D691CB8F6EC009D350F /* PlatformIos.mm */; };
		09745E261CB8F6EC009D350F /* ProtectedMemoryAllocator.mm in Sources */ = {isa = PBXBuildFile; fileRef = 09745D6B1CB8F6EC009D350F /* ProtectedMemoryAllocator.mm */; };
		09745E271CB8F6EC009D350F /* Platform.cpp in Sources */ = {isa = PBXBuildFile; fileRef = 09745D6C1CB8F6EC009D350F /* Platform.cpp */; };
		09745E2B1CB8F6EC009D350F /* ApplyTupleTest.cpp in Sources */ = {isa = PBXBuildFile; fileRef = 09745D9B1CB8F6EC009D350F /* ApplyTupleTest.cpp */; };
		099B384A1CCF38BA0035F42A /* memory.cpp in Sources */ = {isa = PBXBuildFile; fileRef = 099B38461CCF38BA0035F42A /* memory.cpp */; };
		09B1E9DC1D35D6E10046D959 /* IProtocol.cpp in Sources */ = {isa = PBXBuildFile; fileRef = 09B1E9D61D35D6E10046D959 /* IProtocol.cpp */; };
		09B321F81CD9BDE800D11961 /* GenericPlatformMacros.cpp in Sources */ = {isa = PBXBuildFile; fileRef = 09B321F71CD9BDE800D11961 /* GenericPlatformMacros.cpp */; };
		09B322031CD9BE6900D11961 /* DateTime.cpp in Sources */ = {isa = PBXBuildFile; fileRef = 09B321FD1CD9BE6900D11961 /* DateTime.cpp */; };
		09B322051CD9BE6900D11961 /* Timespan.cpp in Sources */ = {isa = PBXBuildFile; fileRef = 09B322011CD9BE6900D11961 /* Timespan.cpp */; };
		09B377A21CE319DA00252204 /* Compression.cpp in Sources */ = {isa = PBXBuildFile; fileRef = 09B377A01CE319DA00252204 /* Compression.cpp */; };
		09B377A51CE5D86700252204 /* EnvironmentIos.mm in Sources */ = {isa = PBXBuildFile; fileRef = 09B377A41CE5D86700252204 /* EnvironmentIos.mm */; };
		09E9872A1D0D255100CF3152 /* unique_id.cpp in Sources */ = {isa = PBXBuildFile; fileRef = 09E987281D0D255100CF3152 /* unique_id.cpp */; };
/* End PBXBuildFile section */

/* Begin PBXCopyFilesBuildPhase section */
		0977BAF41AB6CC31006BC260 /* CopyFiles */ = {
			isa = PBXCopyFilesBuildPhase;
			buildActionMask = 2147483647;
			dstPath = "include/$(PRODUCT_NAME)";
			dstSubfolderSpec = 16;
			files = (
			);
			runOnlyForDeploymentPostprocessing = 0;
		};
/* End PBXCopyFilesBuildPhase section */

/* Begin PBXFileReference section */
		0907E8411CE0838F00A65A3C /* OpenGL.h */ = {isa = PBXFileReference; fileEncoding = 4; lastKnownFileType = sourcecode.c.h; path = OpenGL.h; sourceTree = "<group>"; };
		091554FA1D6DAA4B00A77571 /* HTTPClient.cpp */ = {isa = PBXFileReference; fileEncoding = 4; lastKnownFileType = sourcecode.cpp.cpp; path = HTTPClient.cpp; sourceTree = "<group>"; };
		091554FB1D6DAA4B00A77571 /* HTTPClient.h */ = {isa = PBXFileReference; fileEncoding = 4; lastKnownFileType = sourcecode.c.h; path = HTTPClient.h; sourceTree = "<group>"; };
		091554FC1D6DAA4B00A77571 /* HttpClientTest.h */ = {isa = PBXFileReference; fileEncoding = 4; lastKnownFileType = sourcecode.c.h; path = HttpClientTest.h; sourceTree = "<group>"; };
		091554FD1D6DAA4B00A77571 /* HTTPRequest.hpp */ = {isa = PBXFileReference; fileEncoding = 4; lastKnownFileType = sourcecode.cpp.h; path = HTTPRequest.hpp; sourceTree = "<group>"; };
		091554FE1D6DAA4B00A77571 /* HTTPResponse.hpp */ = {isa = PBXFileReference; fileEncoding = 4; lastKnownFileType = sourcecode.cpp.h; path = HTTPResponse.hpp; sourceTree = "<group>"; };
		091554FF1D6DAA4B00A77571 /* MimeTypes.cpp */ = {isa = PBXFileReference; fileEncoding = 4; lastKnownFileType = sourcecode.cpp.cpp; path = MimeTypes.cpp; sourceTree = "<group>"; };
		091555001D6DAA4B00A77571 /* MimeTypes.h */ = {isa = PBXFileReference; fileEncoding = 4; lastKnownFileType = sourcecode.c.h; path = MimeTypes.h; sourceTree = "<group>"; };
		0932D5B31D4EFE680004E055 /* error_code.hpp */ = {isa = PBXFileReference; fileEncoding = 4; lastKnownFileType = sourcecode.cpp.h; path = error_code.hpp; sourceTree = "<group>"; };
		0932D5B41D4EFE680004E055 /* mutable_data.hpp */ = {isa = PBXFileReference; fileEncoding = 4; lastKnownFileType = sourcecode.cpp.h; path = mutable_data.hpp; sourceTree = "<group>"; };
		0932D5B51D4EFE680004E055 /* timer_scheduler.hpp */ = {isa = PBXFileReference; fileEncoding = 4; lastKnownFileType = sourcecode.cpp.h; path = timer_scheduler.hpp; sourceTree = "<group>"; };
		0932D5B61D4EFE880004E055 /* ApplePlatformTLS.h */ = {isa = PBXFileReference; fileEncoding = 4; lastKnownFileType = sourcecode.c.h; path = ApplePlatformTLS.h; sourceTree = "<group>"; };
		0932D5B71D4EFE8F0004E055 /* PlatformTLS.h */ = {isa = PBXFileReference; fileEncoding = 4; lastKnownFileType = sourcecode.c.h; path = PlatformTLS.h; sourceTree = "<group>"; };
		094617BC1CFBCE8C002A55EC /* TimeEx.cpp */ = {isa = PBXFileReference; fileEncoding = 4; lastKnownFileType = sourcecode.cpp.cpp; path = TimeEx.cpp; sourceTree = "<group>"; };
		094617BD1CFBCE8C002A55EC /* TimeEx.h */ = {isa = PBXFileReference; fileEncoding = 4; lastKnownFileType = sourcecode.c.h; path = TimeEx.h; sourceTree = "<group>"; };
		095286711ACA31DB00718FA9 /* Foundation.framework */ = {isa = PBXFileReference; lastKnownFileType = wrapper.framework; name = Foundation.framework; path = System/Library/Frameworks/Foundation.framework; sourceTree = SDKROOT; };
		09745B2A1CB8F6E8009D350F /* Buffer.h */ = {isa = PBXFileReference; fileEncoding = 4; lastKnownFileType = sourcecode.c.h; path = Buffer.h; sourceTree = "<group>"; };
		09745B2E1CB8F6E8009D350F /* DataStream.cpp */ = {isa = PBXFileReference; fileEncoding = 4; lastKnownFileType = sourcecode.cpp.cpp; path = DataStream.cpp; sourceTree = "<group>"; };
		09745B2F1CB8F6E8009D350F /* DataStream.h */ = {isa = PBXFileReference; fileEncoding = 4; lastKnownFileType = sourcecode.c.h; path = DataStream.h; sourceTree = "<group>"; };
		09745B301CB8F6E8009D350F /* Dictionary.h */ = {isa = PBXFileReference; fileEncoding = 4; lastKnownFileType = sourcecode.c.h; path = Dictionary.h; sourceTree = "<group>"; };
		09745B311CB8F6E8009D350F /* MathContent.h */ = {isa = PBXFileReference; fileEncoding = 4; lastKnownFileType = sourcecode.c.h; path = MathContent.h; sourceTree = "<group>"; };
		09745B321CB8F6E8009D350F /* MathEx.cpp */ = {isa = PBXFileReference; fileEncoding = 4; lastKnownFileType = sourcecode.cpp.cpp; path = MathEx.cpp; sourceTree = "<group>"; };
		09745B331CB8F6E8009D350F /* MathEx.h */ = {isa = PBXFileReference; fileEncoding = 4; lastKnownFileType = sourcecode.c.h; path = MathEx.h; sourceTree = "<group>"; };
		09745B341CB8F6E8009D350F /* MathUtil.cpp */ = {isa = PBXFileReference; fileEncoding = 4; lastKnownFileType = sourcecode.cpp.cpp; path = MathUtil.cpp; sourceTree = "<group>"; };
		09745B351CB8F6E8009D350F /* MathUtil.h */ = {isa = PBXFileReference; fileEncoding = 4; lastKnownFileType = sourcecode.c.h; path = MathUtil.h; sourceTree = "<group>"; };
		09745B361CB8F6E8009D350F /* MathUtil.inl */ = {isa = PBXFileReference; fileEncoding = 4; lastKnownFileType = text; path = MathUtil.inl; sourceTree = "<group>"; };
		09745B371CB8F6E8009D350F /* MathUtilNeon.inl */ = {isa = PBXFileReference; fileEncoding = 4; lastKnownFileType = text; path = MathUtilNeon.inl; sourceTree = "<group>"; };
		09745B381CB8F6E8009D350F /* Matrix.cpp */ = {isa = PBXFileReference; fileEncoding = 4; lastKnownFileType = sourcecode.cpp.cpp; path = Matrix.cpp; sourceTree = "<group>"; };
		09745B391CB8F6E8009D350F /* Matrix.h */ = {isa = PBXFileReference; fileEncoding = 4; lastKnownFileType = sourcecode.c.h; path = Matrix.h; sourceTree = "<group>"; };
		09745B3A1CB8F6E8009D350F /* Matrix.inl */ = {isa = PBXFileReference; fileEncoding = 4; lastKnownFileType = text; path = Matrix.inl; sourceTree = "<group>"; };
		09745B3B1CB8F6E8009D350F /* noncopyable.hpp */ = {isa = PBXFileReference; fileEncoding = 4; lastKnownFileType = sourcecode.cpp.h; path = noncopyable.hpp; sourceTree = "<group>"; };
		09745B3C1CB8F6E8009D350F /* nonmovable.hpp */ = {isa = PBXFileReference; fileEncoding = 4; lastKnownFileType = sourcecode.cpp.h; path = nonmovable.hpp; sourceTree = "<group>"; };
		09745B3D1CB8F6E8009D350F /* Quaternion.cpp */ = {isa = PBXFileReference; fileEncoding = 4; lastKnownFileType = sourcecode.cpp.cpp; path = Quaternion.cpp; sourceTree = "<group>"; };
		09745B3E1CB8F6E8009D350F /* Quaternion.h */ = {isa = PBXFileReference; fileEncoding = 4; lastKnownFileType = sourcecode.c.h; path = Quaternion.h; sourceTree = "<group>"; };
		09745B3F1CB8F6E8009D350F /* RandomHelper.h */ = {isa = PBXFileReference; fileEncoding = 4; lastKnownFileType = sourcecode.c.h; path = RandomHelper.h; sourceTree = "<group>"; };
		09745B401CB8F6E8009D350F /* Rect.cpp */ = {isa = PBXFileReference; fileEncoding = 4; lastKnownFileType = sourcecode.cpp.cpp; path = Rect.cpp; sourceTree = "<group>"; };
		09745B411CB8F6E8009D350F /* Rect.h */ = {isa = PBXFileReference; fileEncoding = 4; lastKnownFileType = sourcecode.c.h; path = Rect.h; sourceTree = "<group>"; };
		09745B421CB8F6E8009D350F /* Runnable.h */ = {isa = PBXFileReference; fileEncoding = 4; lastKnownFileType = sourcecode.c.h; path = Runnable.h; sourceTree = "<group>"; };
		09745B431CB8F6E8009D350F /* Size.cpp */ = {isa = PBXFileReference; fileEncoding = 4; lastKnownFileType = sourcecode.cpp.cpp; path = Size.cpp; sourceTree = "<group>"; };
		09745B441CB8F6E8009D350F /* Size.h */ = {isa = PBXFileReference; fileEncoding = 4; lastKnownFileType = sourcecode.c.h; path = Size.h; sourceTree = "<group>"; };
		09745B451CB8F6E8009D350F /* Types.h */ = {isa = PBXFileReference; fileEncoding = 4; lastKnownFileType = sourcecode.c.h; path = Types.h; sourceTree = "<group>"; };
		09745B461CB8F6E8009D350F /* Value.cpp */ = {isa = PBXFileReference; fileEncoding = 4; lastKnownFileType = sourcecode.cpp.cpp; path = Value.cpp; sourceTree = "<group>"; };
		09745B471CB8F6E8009D350F /* Value.h */ = {isa = PBXFileReference; fileEncoding = 4; lastKnownFileType = sourcecode.c.h; path = Value.h; sourceTree = "<group>"; };
		09745B481CB8F6E8009D350F /* Value.inl */ = {isa = PBXFileReference; fileEncoding = 4; lastKnownFileType = text; path = Value.inl; sourceTree = "<group>"; };
		09745B491CB8F6E8009D350F /* Vector2.cpp */ = {isa = PBXFileReference; fileEncoding = 4; lastKnownFileType = sourcecode.cpp.cpp; path = Vector2.cpp; sourceTree = "<group>"; };
		09745B4A1CB8F6E8009D350F /* Vector2.h */ = {isa = PBXFileReference; fileEncoding = 4; lastKnownFileType = sourcecode.c.h; path = Vector2.h; sourceTree = "<group>"; };
		09745B4B1CB8F6E8009D350F /* Vector2.inl */ = {isa = PBXFileReference; fileEncoding = 4; lastKnownFileType = text; path = Vector2.inl; sourceTree = "<group>"; };
		09745B4C1CB8F6E8009D350F /* Vector3.cpp */ = {isa = PBXFileReference; fileEncoding = 4; lastKnownFileType = sourcecode.cpp.cpp; path = Vector3.cpp; sourceTree = "<group>"; };
		09745B4D1CB8F6E8009D350F /* Vector3.h */ = {isa = PBXFileReference; fileEncoding = 4; lastKnownFileType = sourcecode.c.h; path = Vector3.h; sourceTree = "<group>"; };
		09745B4E1CB8F6E8009D350F /* Vector3.inl */ = {isa = PBXFileReference; fileEncoding = 4; lastKnownFileType = text; path = Vector3.inl; sourceTree = "<group>"; };
		09745B4F1CB8F6E8009D350F /* Vector4.cpp */ = {isa = PBXFileReference; fileEncoding = 4; lastKnownFileType = sourcecode.cpp.cpp; path = Vector4.cpp; sourceTree = "<group>"; };
		09745B501CB8F6E8009D350F /* Vector4.h */ = {isa = PBXFileReference; fileEncoding = 4; lastKnownFileType = sourcecode.c.h; path = Vector4.h; sourceTree = "<group>"; };
		09745B511CB8F6E8009D350F /* Vector4.inl */ = {isa = PBXFileReference; fileEncoding = 4; lastKnownFileType = text; path = Vector4.inl; sourceTree = "<group>"; };
		09745B531CB8F6E8009D350F /* AbstractCache.h */ = {isa = PBXFileReference; fileEncoding = 4; lastKnownFileType = sourcecode.c.h; path = AbstractCache.h; sourceTree = "<group>"; };
		09745B541CB8F6E8009D350F /* AbstractStrategy.h */ = {isa = PBXFileReference; fileEncoding = 4; lastKnownFileType = sourcecode.c.h; path = AbstractStrategy.h; sourceTree = "<group>"; };
		09745B551CB8F6E8009D350F /* KeyValueArgs.h */ = {isa = PBXFileReference; fileEncoding = 4; lastKnownFileType = sourcecode.c.h; path = KeyValueArgs.h; sourceTree = "<group>"; };
		09745B561CB8F6E8009D350F /* LRUCache.h */ = {isa = PBXFileReference; fileEncoding = 4; lastKnownFileType = sourcecode.c.h; path = LRUCache.h; sourceTree = "<group>"; };
		09745B571CB8F6E8009D350F /* LRUCacheTest.h */ = {isa = PBXFileReference; fileEncoding = 4; lastKnownFileType = sourcecode.c.h; path = LRUCacheTest.h; sourceTree = "<group>"; };
		09745B581CB8F6E8009D350F /* LRUStrategy.h */ = {isa = PBXFileReference; fileEncoding = 4; lastKnownFileType = sourcecode.c.h; path = LRUStrategy.h; sourceTree = "<group>"; };
		09745B5D1CB8F6E8009D350F /* aes.cpp */ = {isa = PBXFileReference; fileEncoding = 4; lastKnownFileType = sourcecode.cpp.cpp; path = aes.cpp; sourceTree = "<group>"; };
		09745B5E1CB8F6E8009D350F /* aes.h */ = {isa = PBXFileReference; fileEncoding = 4; lastKnownFileType = sourcecode.c.h; path = aes.h; sourceTree = "<group>"; };
		09745B5F1CB8F6E8009D350F /* Base64.cpp */ = {isa = PBXFileReference; fileEncoding = 4; lastKnownFileType = sourcecode.cpp.cpp; path = Base64.cpp; sourceTree = "<group>"; };
		09745B601CB8F6E8009D350F /* Base64.h */ = {isa = PBXFileReference; fileEncoding = 4; lastKnownFileType = sourcecode.c.h; path = Base64.h; sourceTree = "<group>"; };
		09745B611CB8F6E8009D350F /* md5.hpp */ = {isa = PBXFileReference; fileEncoding = 4; lastKnownFileType = sourcecode.cpp.h; path = md5.hpp; sourceTree = "<group>"; };
		09745B621CB8F6E8009D350F /* sha1.hpp */ = {isa = PBXFileReference; fileEncoding = 4; lastKnownFileType = sourcecode.cpp.h; path = sha1.hpp; sourceTree = "<group>"; };
		09745BF91CB8F6E8009D350F /* ConvertUTF.c */ = {isa = PBXFileReference; fileEncoding = 4; lastKnownFileType = sourcecode.c.c; path = ConvertUTF.c; sourceTree = "<group>"; };
		09745BFA1CB8F6E8009D350F /* ConvertUTF.h */ = {isa = PBXFileReference; fileEncoding = 4; lastKnownFileType = sourcecode.c.h; path = ConvertUTF.h; sourceTree = "<group>"; };
		09745BFB1CB8F6E8009D350F /* ConvertUTFWrapper.cpp */ = {isa = PBXFileReference; fileEncoding = 4; lastKnownFileType = sourcecode.cpp.cpp; path = ConvertUTFWrapper.cpp; sourceTree = "<group>"; };
		09745BFF1CB8F6E9009D350F /* curl.h */ = {isa = PBXFileReference; fileEncoding = 4; lastKnownFileType = sourcecode.c.h; path = curl.h; sourceTree = "<group>"; };
		09745C001CB8F6E9009D350F /* curlbuild-32.h */ = {isa = PBXFileReference; fileEncoding = 4; lastKnownFileType = sourcecode.c.h; path = "curlbuild-32.h"; sourceTree = "<group>"; };
		09745C011CB8F6E9009D350F /* curlbuild-64.h */ = {isa = PBXFileReference; fileEncoding = 4; lastKnownFileType = sourcecode.c.h; path = "curlbuild-64.h"; sourceTree = "<group>"; };
		09745C021CB8F6E9009D350F /* curlbuild.h */ = {isa = PBXFileReference; fileEncoding = 4; lastKnownFileType = sourcecode.c.h; path = curlbuild.h; sourceTree = "<group>"; };
		09745C031CB8F6E9009D350F /* curlrules.h */ = {isa = PBXFileReference; fileEncoding = 4; lastKnownFileType = sourcecode.c.h; path = curlrules.h; sourceTree = "<group>"; };
		09745C041CB8F6E9009D350F /* curlver.h */ = {isa = PBXFileReference; fileEncoding = 4; lastKnownFileType = sourcecode.c.h; path = curlver.h; sourceTree = "<group>"; };
		09745C051CB8F6E9009D350F /* easy.h */ = {isa = PBXFileReference; fileEncoding = 4; lastKnownFileType = sourcecode.c.h; path = easy.h; sourceTree = "<group>"; };
		09745C061CB8F6E9009D350F /* mprintf.h */ = {isa = PBXFileReference; fileEncoding = 4; lastKnownFileType = sourcecode.c.h; path = mprintf.h; sourceTree = "<group>"; };
		09745C071CB8F6E9009D350F /* multi.h */ = {isa = PBXFileReference; fileEncoding = 4; lastKnownFileType = sourcecode.c.h; path = multi.h; sourceTree = "<group>"; };
		09745C081CB8F6E9009D350F /* stdcheaders.h */ = {isa = PBXFileReference; fileEncoding = 4; lastKnownFileType = sourcecode.c.h; path = stdcheaders.h; sourceTree = "<group>"; };
		09745C091CB8F6E9009D350F /* typecheck-gcc.h */ = {isa = PBXFileReference; fileEncoding = 4; lastKnownFileType = sourcecode.c.h; path = "typecheck-gcc.h"; sourceTree = "<group>"; };
		09745C0B1CB8F6E9009D350F /* lauxlib.h */ = {isa = PBXFileReference; fileEncoding = 4; lastKnownFileType = sourcecode.c.h; path = lauxlib.h; sourceTree = "<group>"; };
		09745C0C1CB8F6E9009D350F /* lua.h */ = {isa = PBXFileReference; fileEncoding = 4; lastKnownFileType = sourcecode.c.h; path = lua.h; sourceTree = "<group>"; };
		09745C0D1CB8F6E9009D350F /* lua.hpp */ = {isa = PBXFileReference; fileEncoding = 4; lastKnownFileType = sourcecode.cpp.h; path = lua.hpp; sourceTree = "<group>"; };
		09745C0E1CB8F6E9009D350F /* luaconf.h */ = {isa = PBXFileReference; fileEncoding = 4; lastKnownFileType = sourcecode.c.h; path = luaconf.h; sourceTree = "<group>"; };
		09745C0F1CB8F6E9009D350F /* luajit.h */ = {isa = PBXFileReference; fileEncoding = 4; lastKnownFileType = sourcecode.c.h; path = luajit.h; sourceTree = "<group>"; };
		09745C101CB8F6E9009D350F /* lualib.h */ = {isa = PBXFileReference; fileEncoding = 4; lastKnownFileType = sourcecode.c.h; path = lualib.h; sourceTree = "<group>"; };
		09745C121CB8F6E9009D350F /* crypt.h */ = {isa = PBXFileReference; fileEncoding = 4; lastKnownFileType = sourcecode.c.h; path = crypt.h; sourceTree = "<group>"; };
		09745C131CB8F6E9009D350F /* ioapi.h */ = {isa = PBXFileReference; fileEncoding = 4; lastKnownFileType = sourcecode.c.h; path = ioapi.h; sourceTree = "<group>"; };
		09745C141CB8F6E9009D350F /* unzip.h */ = {isa = PBXFileReference; fileEncoding = 4; lastKnownFileType = sourcecode.c.h; path = unzip.h; sourceTree = "<group>"; };
		09745C151CB8F6E9009D350F /* zip.h */ = {isa = PBXFileReference; fileEncoding = 4; lastKnownFileType = sourcecode.c.h; path = zip.h; sourceTree = "<group>"; };
		09745C171CB8F6E9009D350F /* zconf.h */ = {isa = PBXFileReference; fileEncoding = 4; lastKnownFileType = sourcecode.c.h; path = zconf.h; sourceTree = "<group>"; };
		09745C181CB8F6E9009D350F /* zlib.h */ = {isa = PBXFileReference; fileEncoding = 4; lastKnownFileType = sourcecode.c.h; path = zlib.h; sourceTree = "<group>"; };
		09745C1A1CB8F6E9009D350F /* libcrypto.a */ = {isa = PBXFileReference; lastKnownFileType = archive.ar; path = libcrypto.a; sourceTree = "<group>"; };
		09745C1B1CB8F6E9009D350F /* libcurl.a */ = {isa = PBXFileReference; lastKnownFileType = archive.ar; path = libcurl.a; sourceTree = "<group>"; };
		09745C1C1CB8F6E9009D350F /* liblua.a */ = {isa = PBXFileReference; lastKnownFileType = archive.ar; path = liblua.a; sourceTree = "<group>"; };
		09745C1D1CB8F6E9009D350F /* libluajit.a */ = {isa = PBXFileReference; lastKnownFileType = archive.ar; path = libluajit.a; sourceTree = "<group>"; };
		09745C1E1CB8F6E9009D350F /* libssl.a */ = {isa = PBXFileReference; lastKnownFileType = archive.ar; path = libssl.a; sourceTree = "<group>"; };
		09745C1F1CB8F6E9009D350F /* libz.a */ = {isa = PBXFileReference; lastKnownFileType = archive.ar; path = libz.a; sourceTree = "<group>"; };
		09745C671CB8F6E9009D350F /* allocators.h */ = {isa = PBXFileReference; fileEncoding = 4; lastKnownFileType = sourcecode.c.h; path = allocators.h; sourceTree = "<group>"; };
		09745C681CB8F6E9009D350F /* document.h */ = {isa = PBXFileReference; fileEncoding = 4; lastKnownFileType = sourcecode.c.h; path = document.h; sourceTree = "<group>"; };
		09745C691CB8F6E9009D350F /* encodedstream.h */ = {isa = PBXFileReference; fileEncoding = 4; lastKnownFileType = sourcecode.c.h; path = encodedstream.h; sourceTree = "<group>"; };
		09745C6A1CB8F6E9009D350F /* encodings.h */ = {isa = PBXFileReference; fileEncoding = 4; lastKnownFileType = sourcecode.c.h; path = encodings.h; sourceTree = "<group>"; };
		09745C6C1CB8F6E9009D350F /* en.h */ = {isa = PBXFileReference; fileEncoding = 4; lastKnownFileType = sourcecode.c.h; path = en.h; sourceTree = "<group>"; };
		09745C6D1CB8F6E9009D350F /* error.h */ = {isa = PBXFileReference; fileEncoding = 4; lastKnownFileType = sourcecode.c.h; path = error.h; sourceTree = "<group>"; };
		09745C6E1CB8F6E9009D350F /* filereadstream.h */ = {isa = PBXFileReference; fileEncoding = 4; lastKnownFileType = sourcecode.c.h; path = filereadstream.h; sourceTree = "<group>"; };
		09745C6F1CB8F6E9009D350F /* filewritestream.h */ = {isa = PBXFileReference; fileEncoding = 4; lastKnownFileType = sourcecode.c.h; path = filewritestream.h; sourceTree = "<group>"; };
		09745C701CB8F6E9009D350F /* fwd.h */ = {isa = PBXFileReference; fileEncoding = 4; lastKnownFileType = sourcecode.c.h; path = fwd.h; sourceTree = "<group>"; };
		09745C721CB8F6E9009D350F /* biginteger.h */ = {isa = PBXFileReference; fileEncoding = 4; lastKnownFileType = sourcecode.c.h; path = biginteger.h; sourceTree = "<group>"; };
		09745C731CB8F6E9009D350F /* diyfp.h */ = {isa = PBXFileReference; fileEncoding = 4; lastKnownFileType = sourcecode.c.h; path = diyfp.h; sourceTree = "<group>"; };
		09745C741CB8F6E9009D350F /* dtoa.h */ = {isa = PBXFileReference; fileEncoding = 4; lastKnownFileType = sourcecode.c.h; path = dtoa.h; sourceTree = "<group>"; };
		09745C751CB8F6E9009D350F /* ieee754.h */ = {isa = PBXFileReference; fileEncoding = 4; lastKnownFileType = sourcecode.c.h; path = ieee754.h; sourceTree = "<group>"; };
		09745C761CB8F6E9009D350F /* itoa.h */ = {isa = PBXFileReference; fileEncoding = 4; lastKnownFileType = sourcecode.c.h; path = itoa.h; sourceTree = "<group>"; };
		09745C771CB8F6E9009D350F /* meta.h */ = {isa = PBXFileReference; fileEncoding = 4; lastKnownFileType = sourcecode.c.h; path = meta.h; sourceTree = "<group>"; };
		09745C781CB8F6E9009D350F /* pow10.h */ = {isa = PBXFileReference; fileEncoding = 4; lastKnownFileType = sourcecode.c.h; path = pow10.h; sourceTree = "<group>"; };
		09745C791CB8F6E9009D350F /* regex.h */ = {isa = PBXFileReference; fileEncoding = 4; lastKnownFileType = sourcecode.c.h; path = regex.h; sourceTree = "<group>"; };
		09745C7A1CB8F6E9009D350F /* stack.h */ = {isa = PBXFileReference; fileEncoding = 4; lastKnownFileType = sourcecode.c.h; path = stack.h; sourceTree = "<group>"; };
		09745C7B1CB8F6E9009D350F /* strfunc.h */ = {isa = PBXFileReference; fileEncoding = 4; lastKnownFileType = sourcecode.c.h; path = strfunc.h; sourceTree = "<group>"; };
		09745C7C1CB8F6E9009D350F /* strtod.h */ = {isa = PBXFileReference; fileEncoding = 4; lastKnownFileType = sourcecode.c.h; path = strtod.h; sourceTree = "<group>"; };
		09745C7D1CB8F6E9009D350F /* swap.h */ = {isa = PBXFileReference; fileEncoding = 4; lastKnownFileType = sourcecode.c.h; path = swap.h; sourceTree = "<group>"; };
		09745C7E1CB8F6E9009D350F /* istreamwrapper.h */ = {isa = PBXFileReference; fileEncoding = 4; lastKnownFileType = sourcecode.c.h; path = istreamwrapper.h; sourceTree = "<group>"; };
		09745C7F1CB8F6E9009D350F /* memorybuffer.h */ = {isa = PBXFileReference; fileEncoding = 4; lastKnownFileType = sourcecode.c.h; path = memorybuffer.h; sourceTree = "<group>"; };
		09745C801CB8F6E9009D350F /* memorystream.h */ = {isa = PBXFileReference; fileEncoding = 4; lastKnownFileType = sourcecode.c.h; path = memorystream.h; sourceTree = "<group>"; };
		09745C821CB8F6E9009D350F /* inttypes.h */ = {isa = PBXFileReference; fileEncoding = 4; lastKnownFileType = sourcecode.c.h; path = inttypes.h; sourceTree = "<group>"; };
		09745C831CB8F6E9009D350F /* stdint.h */ = {isa = PBXFileReference; fileEncoding = 4; lastKnownFileType = sourcecode.c.h; path = stdint.h; sourceTree = "<group>"; };
		09745C841CB8F6E9009D350F /* ostreamwrapper.h */ = {isa = PBXFileReference; fileEncoding = 4; lastKnownFileType = sourcecode.c.h; path = ostreamwrapper.h; sourceTree = "<group>"; };
		09745C851CB8F6E9009D350F /* pointer.h */ = {isa = PBXFileReference; fileEncoding = 4; lastKnownFileType = sourcecode.c.h; path = pointer.h; sourceTree = "<group>"; };
		09745C861CB8F6E9009D350F /* prettywriter.h */ = {isa = PBXFileReference; fileEncoding = 4; lastKnownFileType = sourcecode.c.h; path = prettywriter.h; sourceTree = "<group>"; };
		09745C871CB8F6E9009D350F /* rapidjson.h */ = {isa = PBXFileReference; fileEncoding = 4; lastKnownFileType = sourcecode.c.h; path = rapidjson.h; sourceTree = "<group>"; };
		09745C881CB8F6E9009D350F /* reader.h */ = {isa = PBXFileReference; fileEncoding = 4; lastKnownFileType = sourcecode.c.h; path = reader.h; sourceTree = "<group>"; };
		09745C891CB8F6E9009D350F /* schema.h */ = {isa = PBXFileReference; fileEncoding = 4; lastKnownFileType = sourcecode.c.h; path = schema.h; sourceTree = "<group>"; };
		09745C8A1CB8F6E9009D350F /* stream.h */ = {isa = PBXFileReference; fileEncoding = 4; lastKnownFileType = sourcecode.c.h; path = stream.h; sourceTree = "<group>"; };
		09745C8B1CB8F6E9009D350F /* stringbuffer.h */ = {isa = PBXFileReference; fileEncoding = 4; lastKnownFileType = sourcecode.c.h; path = stringbuffer.h; sourceTree = "<group>"; };
		09745C8C1CB8F6E9009D350F /* writer.h */ = {isa = PBXFileReference; fileEncoding = 4; lastKnownFileType = sourcecode.c.h; path = writer.h; sourceTree = "<group>"; };
		09745C8E1CB8F6E9009D350F /* ioapi.cpp */ = {isa = PBXFileReference; fileEncoding = 4; lastKnownFileType = sourcecode.cpp.cpp; path = ioapi.cpp; sourceTree = "<group>"; };
		09745C8F1CB8F6E9009D350F /* ioapi.h */ = {isa = PBXFileReference; fileEncoding = 4; lastKnownFileType = sourcecode.c.h; path = ioapi.h; sourceTree = "<group>"; };
		09745C901CB8F6E9009D350F /* ioapi_mem.cpp */ = {isa = PBXFileReference; fileEncoding = 4; lastKnownFileType = sourcecode.cpp.cpp; path = ioapi_mem.cpp; sourceTree = "<group>"; };
		09745C911CB8F6E9009D350F /* ioapi_mem.h */ = {isa = PBXFileReference; fileEncoding = 4; lastKnownFileType = sourcecode.c.h; path = ioapi_mem.h; sourceTree = "<group>"; };
		09745C921CB8F6E9009D350F /* unzip.cpp */ = {isa = PBXFileReference; fileEncoding = 4; lastKnownFileType = sourcecode.cpp.cpp; path = unzip.cpp; sourceTree = "<group>"; };
		09745C931CB8F6E9009D350F /* unzip.h */ = {isa = PBXFileReference; fileEncoding = 4; lastKnownFileType = sourcecode.c.h; path = unzip.h; sourceTree = "<group>"; };
		09745CBC1CB8F6EB009D350F /* ApplyTuple.h */ = {isa = PBXFileReference; fileEncoding = 4; lastKnownFileType = sourcecode.c.h; path = ApplyTuple.h; sourceTree = "<group>"; };
		09745CBD1CB8F6EB009D350F /* DelegateManager.cpp */ = {isa = PBXFileReference; fileEncoding = 4; lastKnownFileType = sourcecode.cpp.cpp; path = DelegateManager.cpp; sourceTree = "<group>"; };
		09745CBE1CB8F6EB009D350F /* DelegateManager.h */ = {isa = PBXFileReference; fileEncoding = 4; lastKnownFileType = sourcecode.c.h; path = DelegateManager.h; sourceTree = "<group>"; };
		09745CBF1CB8F6EB009D350F /* Exception.cpp */ = {isa = PBXFileReference; fileEncoding = 4; lastKnownFileType = sourcecode.cpp.cpp; path = Exception.cpp; sourceTree = "<group>"; };
		09745CC01CB8F6EB009D350F /* Exception.h */ = {isa = PBXFileReference; fileEncoding = 4; lastKnownFileType = sourcecode.c.h; path = Exception.h; sourceTree = "<group>"; };
		09745CC11CB8F6EB009D350F /* FunctionCenter.hpp */ = {isa = PBXFileReference; fileEncoding = 4; lastKnownFileType = sourcecode.cpp.h; path = FunctionCenter.hpp; sourceTree = "<group>"; };
		09745CC21CB8F6EB009D350F /* Logger.cpp */ = {isa = PBXFileReference; fileEncoding = 4; lastKnownFileType = sourcecode.cpp.cpp; path = Logger.cpp; sourceTree = "<group>"; };
		09745CC31CB8F6EB009D350F /* Logger.h */ = {isa = PBXFileReference; fileEncoding = 4; lastKnownFileType = sourcecode.c.h; path = Logger.h; sourceTree = "<group>"; };
		09745CC41CB8F6EB009D350F /* MessageQueue.cpp */ = {isa = PBXFileReference; fileEncoding = 4; lastKnownFileType = sourcecode.cpp.cpp; path = MessageQueue.cpp; sourceTree = "<group>"; };
		09745CC51CB8F6EB009D350F /* MessageQueue.h */ = {isa = PBXFileReference; fileEncoding = 4; lastKnownFileType = sourcecode.c.h; path = MessageQueue.h; sourceTree = "<group>"; };
		09745CC61CB8F6EB009D350F /* Scheduler.cpp */ = {isa = PBXFileReference; fileEncoding = 4; lastKnownFileType = sourcecode.cpp.cpp; path = Scheduler.cpp; sourceTree = "<group>"; };
		09745CC71CB8F6EB009D350F /* Scheduler.h */ = {isa = PBXFileReference; fileEncoding = 4; lastKnownFileType = sourcecode.c.h; path = Scheduler.h; sourceTree = "<group>"; };
		09745CC81CB8F6EB009D350F /* Singleton.h */ = {isa = PBXFileReference; fileEncoding = 4; lastKnownFileType = sourcecode.c.h; path = Singleton.h; sourceTree = "<group>"; };
		09745CC91CB8F6EB009D350F /* StringUtils.cpp */ = {isa = PBXFileReference; fileEncoding = 4; lastKnownFileType = sourcecode.cpp.cpp; path = StringUtils.cpp; sourceTree = "<group>"; };
		09745CCA1CB8F6EB009D350F /* StringUtils.h */ = {isa = PBXFileReference; fileEncoding = 4; lastKnownFileType = sourcecode.c.h; path = StringUtils.h; sourceTree = "<group>"; };
		09745CCE1CB8F6EB009D350F /* TupleApply.h */ = {isa = PBXFileReference; fileEncoding = 4; lastKnownFileType = sourcecode.c.h; path = TupleApply.h; sourceTree = "<group>"; };
		09745CCF1CB8F6EB009D350F /* uthash.h */ = {isa = PBXFileReference; fileEncoding = 4; lastKnownFileType = sourcecode.c.h; path = uthash.h; sourceTree = "<group>"; };
		09745CD01CB8F6EB009D350F /* utlist.h */ = {isa = PBXFileReference; fileEncoding = 4; lastKnownFileType = sourcecode.c.h; path = utlist.h; sourceTree = "<group>"; };
		09745CD11CB8F6EB009D350F /* Version.cpp */ = {isa = PBXFileReference; fileEncoding = 4; lastKnownFileType = sourcecode.cpp.cpp; path = Version.cpp; sourceTree = "<group>"; };
		09745CD21CB8F6EB009D350F /* Version.h */ = {isa = PBXFileReference; fileEncoding = 4; lastKnownFileType = sourcecode.c.h; path = Version.h; sourceTree = "<group>"; };
		09745CD31CB8F6EB009D350F /* WorkQueue.cpp */ = {isa = PBXFileReference; fileEncoding = 4; lastKnownFileType = sourcecode.cpp.cpp; path = WorkQueue.cpp; sourceTree = "<group>"; };
		09745CD41CB8F6EB009D350F /* WorkQueue.h */ = {isa = PBXFileReference; fileEncoding = 4; lastKnownFileType = sourcecode.c.h; path = WorkQueue.h; sourceTree = "<group>"; };
		09745CD71CB8F6EB009D350F /* FunctionHelper.h */ = {isa = PBXFileReference; fileEncoding = 4; lastKnownFileType = sourcecode.c.h; path = FunctionHelper.h; sourceTree = "<group>"; };
		09745D401CB8F6EC009D350F /* Downloader.cpp */ = {isa = PBXFileReference; fileEncoding = 4; lastKnownFileType = sourcecode.cpp.cpp; path = Downloader.cpp; sourceTree = "<group>"; };
		09745D411CB8F6EC009D350F /* Downloader.h */ = {isa = PBXFileReference; fileEncoding = 4; lastKnownFileType = sourcecode.c.h; path = Downloader.h; sourceTree = "<group>"; };
		09745D421CB8F6EC009D350F /* DownloaderImpl.cpp */ = {isa = PBXFileReference; fileEncoding = 4; lastKnownFileType = sourcecode.cpp.cpp; path = DownloaderImpl.cpp; sourceTree = "<group>"; };
		09745D431CB8F6EC009D350F /* DownloaderImpl.h */ = {isa = PBXFileReference; fileEncoding = 4; lastKnownFileType = sourcecode.c.h; path = DownloaderImpl.h; sourceTree = "<group>"; };
		09745D441CB8F6EC009D350F /* DownloaderTest.h */ = {isa = PBXFileReference; fileEncoding = 4; lastKnownFileType = sourcecode.c.h; path = DownloaderTest.h; sourceTree = "<group>"; };
		09745D451CB8F6EC009D350F /* IDownloaderImpl.h */ = {isa = PBXFileReference; fileEncoding = 4; lastKnownFileType = sourcecode.c.h; path = IDownloaderImpl.h; sourceTree = "<group>"; };
		09745D471CB8F6EC009D350F /* LuaEngine.cpp */ = {isa = PBXFileReference; fileEncoding = 4; lastKnownFileType = sourcecode.cpp.cpp; path = LuaEngine.cpp; sourceTree = "<group>"; };
		09745D481CB8F6EC009D350F /* LuaEngine.h */ = {isa = PBXFileReference; fileEncoding = 4; lastKnownFileType = sourcecode.c.h; path = LuaEngine.h; sourceTree = "<group>"; };
		09745D491CB8F6EC009D350F /* LuaLoader.cpp */ = {isa = PBXFileReference; fileEncoding = 4; lastKnownFileType = sourcecode.cpp.cpp; path = LuaLoader.cpp; sourceTree = "<group>"; };
		09745D4A1CB8F6EC009D350F /* LuaLoader.h */ = {isa = PBXFileReference; fileEncoding = 4; lastKnownFileType = sourcecode.c.h; path = LuaLoader.h; sourceTree = "<group>"; };
		09745D4B1CB8F6EC009D350F /* LuaScriptHelper.h */ = {isa = PBXFileReference; fileEncoding = 4; lastKnownFileType = sourcecode.c.h; path = LuaScriptHelper.h; sourceTree = "<group>"; };
		09745D4C1CB8F6EC009D350F /* LuaScriptor.h */ = {isa = PBXFileReference; fileEncoding = 4; lastKnownFileType = sourcecode.c.h; path = LuaScriptor.h; sourceTree = "<group>"; };
		09745D4D1CB8F6EC009D350F /* LuaStack.cpp */ = {isa = PBXFileReference; fileEncoding = 4; lastKnownFileType = sourcecode.cpp.cpp; path = LuaStack.cpp; sourceTree = "<group>"; };
		09745D4E1CB8F6EC009D350F /* LuaStack.h */ = {isa = PBXFileReference; fileEncoding = 4; lastKnownFileType = sourcecode.c.h; path = LuaStack.h; sourceTree = "<group>"; };
		09745D4F1CB8F6EC009D350F /* LuaValue.cpp */ = {isa = PBXFileReference; fileEncoding = 4; lastKnownFileType = sourcecode.cpp.cpp; path = LuaValue.cpp; sourceTree = "<group>"; };
		09745D501CB8F6EC009D350F /* LuaValue.h */ = {isa = PBXFileReference; fileEncoding = 4; lastKnownFileType = sourcecode.c.h; path = LuaValue.h; sourceTree = "<group>"; };
		09745D511CB8F6EC009D350F /* Script.cpp */ = {isa = PBXFileReference; fileEncoding = 4; lastKnownFileType = sourcecode.cpp.cpp; path = Script.cpp; sourceTree = "<group>"; };
		09745D521CB8F6EC009D350F /* Script.h */ = {isa = PBXFileReference; fileEncoding = 4; lastKnownFileType = sourcecode.c.h; path = Script.h; sourceTree = "<group>"; };
		09745D651CB8F6EC009D350F /* FileUtils.cpp */ = {isa = PBXFileReference; fileEncoding = 4; lastKnownFileType = sourcecode.cpp.cpp; path = FileUtils.cpp; sourceTree = "<group>"; };
		09745D661CB8F6EC009D350F /* FileUtils.h */ = {isa = PBXFileReference; fileEncoding = 4; lastKnownFileType = sourcecode.c.h; path = FileUtils.h; sourceTree = "<group>"; };
		09745D681CB8F6EC009D350F /* FileUtils_apple.mm */ = {isa = PBXFileReference; fileEncoding = 4; lastKnownFileType = sourcecode.cpp.objcpp; path = FileUtils_apple.mm; sourceTree = "<group>"; };
		09745D691CB8F6EC009D350F /* PlatformIos.mm */ = {isa = PBXFileReference; fileEncoding = 4; lastKnownFileType = sourcecode.cpp.objcpp; path = PlatformIos.mm; sourceTree = "<group>"; };
		09745D6A1CB8F6EC009D350F /* ProtectedMemoryAllocator.h */ = {isa = PBXFileReference; fileEncoding = 4; lastKnownFileType = sourcecode.c.h; path = ProtectedMemoryAllocator.h; sourceTree = "<group>"; };
		09745D6B1CB8F6EC009D350F /* ProtectedMemoryAllocator.mm */ = {isa = PBXFileReference; fileEncoding = 4; lastKnownFileType = sourcecode.cpp.objcpp; path = ProtectedMemoryAllocator.mm; sourceTree = "<group>"; };
		09745D6C1CB8F6EC009D350F /* Platform.cpp */ = {isa = PBXFileReference; fileEncoding = 4; lastKnownFileType = sourcecode.cpp.cpp; path = Platform.cpp; sourceTree = "<group>"; };
		09745D6D1CB8F6EC009D350F /* Platform.h */ = {isa = PBXFileReference; fileEncoding = 4; lastKnownFileType = sourcecode.c.h; path = Platform.h; sourceTree = "<group>"; };
		09745D771CB8F6EC009D350F /* classlib.lua */ = {isa = PBXFileReference; fileEncoding = 4; lastKnownFileType = text; path = classlib.lua; sourceTree = "<group>"; };
		09745D781CB8F6EC009D350F /* fileutils.lua */ = {isa = PBXFileReference; fileEncoding = 4; lastKnownFileType = text; path = fileutils.lua; sourceTree = "<group>"; };
		09745D791CB8F6EC009D350F /* functional.lua */ = {isa = PBXFileReference; fileEncoding = 4; lastKnownFileType = text; path = functional.lua; sourceTree = "<group>"; };
		09745D7B1CB8F6EC009D350F /* base.lua */ = {isa = PBXFileReference; fileEncoding = 4; lastKnownFileType = text; path = base.lua; sourceTree = "<group>"; };
		09745D7C1CB8F6EC009D350F /* container.lua */ = {isa = PBXFileReference; fileEncoding = 4; lastKnownFileType = text; path = container.lua; sourceTree = "<group>"; };
		09745D7D1CB8F6EC009D350F /* debug.lua */ = {isa = PBXFileReference; fileEncoding = 4; lastKnownFileType = text; path = debug.lua; sourceTree = "<group>"; };
		09745D7E1CB8F6EC009D350F /* debug_init.lua */ = {isa = PBXFileReference; fileEncoding = 4; lastKnownFileType = text; path = debug_init.lua; sourceTree = "<group>"; };
		09745D7F1CB8F6EC009D350F /* functional.lua */ = {isa = PBXFileReference; fileEncoding = 4; lastKnownFileType = text; path = functional.lua; sourceTree = "<group>"; };
		09745D801CB8F6EC009D350F /* io.lua */ = {isa = PBXFileReference; fileEncoding = 4; lastKnownFileType = text; path = io.lua; sourceTree = "<group>"; };
		09745D811CB8F6EC009D350F /* list.lua */ = {isa = PBXFileReference; fileEncoding = 4; lastKnownFileType = text; path = list.lua; sourceTree = "<group>"; };
		09745D821CB8F6EC009D350F /* math.lua */ = {isa = PBXFileReference; fileEncoding = 4; lastKnownFileType = text; path = math.lua; sourceTree = "<group>"; };
		09745D831CB8F6EC009D350F /* object.lua */ = {isa = PBXFileReference; fileEncoding = 4; lastKnownFileType = text; path = object.lua; sourceTree = "<group>"; };
		09745D841CB8F6EC009D350F /* operator.lua */ = {isa = PBXFileReference; fileEncoding = 4; lastKnownFileType = text; path = operator.lua; sourceTree = "<group>"; };
		09745D851CB8F6EC009D350F /* optparse.lua */ = {isa = PBXFileReference; fileEncoding = 4; lastKnownFileType = text; path = optparse.lua; sourceTree = "<group>"; };
		09745D861CB8F6EC009D350F /* package.lua */ = {isa = PBXFileReference; fileEncoding = 4; lastKnownFileType = text; path = package.lua; sourceTree = "<group>"; };
		09745D871CB8F6EC009D350F /* set.lua */ = {isa = PBXFileReference; fileEncoding = 4; lastKnownFileType = text; path = set.lua; sourceTree = "<group>"; };
		09745D881CB8F6EC009D350F /* strbuf.lua */ = {isa = PBXFileReference; fileEncoding = 4; lastKnownFileType = text; path = strbuf.lua; sourceTree = "<group>"; };
		09745D891CB8F6EC009D350F /* strict.lua */ = {isa = PBXFileReference; fileEncoding = 4; lastKnownFileType = text; path = strict.lua; sourceTree = "<group>"; };
		09745D8A1CB8F6EC009D350F /* string.lua */ = {isa = PBXFileReference; fileEncoding = 4; lastKnownFileType = text; path = string.lua; sourceTree = "<group>"; };
		09745D8B1CB8F6EC009D350F /* table.lua */ = {isa = PBXFileReference; fileEncoding = 4; lastKnownFileType = text; path = table.lua; sourceTree = "<group>"; };
		09745D8C1CB8F6EC009D350F /* tree.lua */ = {isa = PBXFileReference; fileEncoding = 4; lastKnownFileType = text; path = tree.lua; sourceTree = "<group>"; };
		09745D8D1CB8F6EC009D350F /* vector.lua */ = {isa = PBXFileReference; fileEncoding = 4; lastKnownFileType = text; path = vector.lua; sourceTree = "<group>"; };
		09745D8E1CB8F6EC009D350F /* main.lua */ = {isa = PBXFileReference; fileEncoding = 4; lastKnownFileType = text; path = main.lua; sourceTree = "<group>"; };
		09745D8F1CB8F6EC009D350F /* stringex.lua */ = {isa = PBXFileReference; fileEncoding = 4; lastKnownFileType = text; path = stringex.lua; sourceTree = "<group>"; };
		09745D901CB8F6EC009D350F /* tableex.lua */ = {isa = PBXFileReference; fileEncoding = 4; lastKnownFileType = text; path = tableex.lua; sourceTree = "<group>"; };
		09745D911CB8F6EC009D350F /* unrequire.lua */ = {isa = PBXFileReference; fileEncoding = 4; lastKnownFileType = text; path = unrequire.lua; sourceTree = "<group>"; };
		09745D9B1CB8F6EC009D350F /* ApplyTupleTest.cpp */ = {isa = PBXFileReference; fileEncoding = 4; lastKnownFileType = sourcecode.cpp.cpp; path = ApplyTupleTest.cpp; sourceTree = "<group>"; };
		09745D9E1CB8F6EC009D350F /* thread.h */ = {isa = PBXFileReference; fileEncoding = 4; lastKnownFileType = sourcecode.c.h; path = thread.h; sourceTree = "<group>"; };
		09745D9F1CB8F6EC009D350F /* thread_posix.h */ = {isa = PBXFileReference; fileEncoding = 4; lastKnownFileType = sourcecode.c.h; path = thread_posix.h; sourceTree = "<group>"; };
		09745DA01CB8F6EC009D350F /* thread_win32.h */ = {isa = PBXFileReference; fileEncoding = 4; lastKnownFileType = sourcecode.c.h; path = thread_win32.h; sourceTree = "<group>"; };
		09745DA11CB8F6EC009D350F /* thread_wp.h */ = {isa = PBXFileReference; fileEncoding = 4; lastKnownFileType = sourcecode.c.h; path = thread_wp.h; sourceTree = "<group>"; };
		09745DA21CB8F6EC009D350F /* thread.h */ = {isa = PBXFileReference; fileEncoding = 4; lastKnownFileType = sourcecode.c.h; path = thread.h; sourceTree = "<group>"; };
		0977BAF61AB6CC31006BC260 /* libFoundationKit.a */ = {isa = PBXFileReference; explicitFileType = archive.ar; includeInIndex = 0; path = libFoundationKit.a; sourceTree = BUILT_PRODUCTS_DIR; };
		0987AF1E1CEC1D420097DD97 /* contains_of_type.hpp */ = {isa = PBXFileReference; fileEncoding = 4; lastKnownFileType = sourcecode.cpp.h; path = contains_of_type.hpp; sourceTree = "<group>"; };
		0987AF1F1CEC1D420097DD97 /* disable_if.hpp */ = {isa = PBXFileReference; fileEncoding = 4; lastKnownFileType = sourcecode.cpp.h; path = disable_if.hpp; sourceTree = "<group>"; };
		0987AF201CEC1D420097DD97 /* function_cache.hpp */ = {isa = PBXFileReference; fileEncoding = 4; lastKnownFileType = sourcecode.cpp.h; path = function_cache.hpp; sourceTree = "<group>"; };
		0987AF211CEC1D420097DD97 /* has_member.hpp */ = {isa = PBXFileReference; fileEncoding = 4; lastKnownFileType = sourcecode.cpp.h; path = has_member.hpp; sourceTree = "<group>"; };
		0987AF221CEC1D420097DD97 /* max_integer_of.hpp */ = {isa = PBXFileReference; fileEncoding = 4; lastKnownFileType = sourcecode.cpp.h; path = max_integer_of.hpp; sourceTree = "<group>"; };
		0987AF231CEC1D5A0097DD97 /* Timer.h */ = {isa = PBXFileReference; fileEncoding = 4; lastKnownFileType = sourcecode.c.h; path = Timer.h; sourceTree = "<group>"; };
		099B38451CCF38BA0035F42A /* any.hpp */ = {isa = PBXFileReference; fileEncoding = 4; lastKnownFileType = sourcecode.cpp.h; path = any.hpp; sourceTree = "<group>"; };
		099B38461CCF38BA0035F42A /* memory.cpp */ = {isa = PBXFileReference; fileEncoding = 4; lastKnownFileType = sourcecode.cpp.cpp; path = memory.cpp; sourceTree = "<group>"; };
		099B38471CCF38BA0035F42A /* memory.h */ = {isa = PBXFileReference; fileEncoding = 4; lastKnownFileType = sourcecode.c.h; path = memory.h; sourceTree = "<group>"; };
		099B38481CCF38BA0035F42A /* optional.hpp */ = {isa = PBXFileReference; fileEncoding = 4; lastKnownFileType = sourcecode.cpp.h; path = optional.hpp; sourceTree = "<group>"; };
		099B38491CCF38BA0035F42A /* readme.txt */ = {isa = PBXFileReference; fileEncoding = 4; lastKnownFileType = text; path = readme.txt; sourceTree = "<group>"; };
		099B384C1CCF38C60035F42A /* function_traits.hpp */ = {isa = PBXFileReference; fileEncoding = 4; lastKnownFileType = sourcecode.cpp.h; path = function_traits.hpp; sourceTree = "<group>"; };
		099B384E1CCF39610035F42A /* GenericPlatformMacros.h */ = {isa = PBXFileReference; fileEncoding = 4; lastKnownFileType = sourcecode.c.h; path = GenericPlatformMacros.h; sourceTree = "<group>"; };
		09B1E9B61D35D6E10046D959 /* async_socket.hpp */ = {isa = PBXFileReference; fileEncoding = 4; lastKnownFileType = sourcecode.cpp.h; path = async_socket.hpp; sourceTree = "<group>"; };
		09B1E9B71D35D6E10046D959 /* basic_socket.hpp */ = {isa = PBXFileReference; fileEncoding = 4; lastKnownFileType = sourcecode.cpp.h; path = basic_socket.hpp; sourceTree = "<group>"; };
		09B1E9BA1D35D6E10046D959 /* socket_ops.ipp */ = {isa = PBXFileReference; fileEncoding = 4; lastKnownFileType = sourcecode.cpp.h; path = socket_ops.ipp; sourceTree = "<group>"; };
		09B1E9BB1D35D6E10046D959 /* socket_base.hpp */ = {isa = PBXFileReference; fileEncoding = 4; lastKnownFileType = sourcecode.cpp.h; path = socket_base.hpp; sourceTree = "<group>"; };
		09B1E9BC1D35D6E10046D959 /* socket_ops.hpp */ = {isa = PBXFileReference; fileEncoding = 4; lastKnownFileType = sourcecode.cpp.h; path = socket_ops.hpp; sourceTree = "<group>"; };
		09B1E9BD1D35D6E10046D959 /* socket_option.hpp */ = {isa = PBXFileReference; fileEncoding = 4; lastKnownFileType = sourcecode.cpp.h; path = socket_option.hpp; sourceTree = "<group>"; };
		09B1E9BF1D35D6E10046D959 /* address.hpp */ = {isa = PBXFileReference; fileEncoding = 4; lastKnownFileType = sourcecode.cpp.h; path = address.hpp; sourceTree = "<group>"; };
		09B1E9C01D35D6E10046D959 /* address_v4.hpp */ = {isa = PBXFileReference; fileEncoding = 4; lastKnownFileType = sourcecode.cpp.h; path = address_v4.hpp; sourceTree = "<group>"; };
		09B1E9C11D35D6E10046D959 /* address_v4_iterator.hpp */ = {isa = PBXFileReference; fileEncoding = 4; lastKnownFileType = sourcecode.cpp.h; path = address_v4_iterator.hpp; sourceTree = "<group>"; };
		09B1E9C21D35D6E10046D959 /* address_v4_range.hpp */ = {isa = PBXFileReference; fileEncoding = 4; lastKnownFileType = sourcecode.cpp.h; path = address_v4_range.hpp; sourceTree = "<group>"; };
		09B1E9C31D35D6E10046D959 /* address_v6.hpp */ = {isa = PBXFileReference; fileEncoding = 4; lastKnownFileType = sourcecode.cpp.h; path = address_v6.hpp; sourceTree = "<group>"; };
		09B1E9C41D35D6E10046D959 /* address_v6_iterator.hpp */ = {isa = PBXFileReference; fileEncoding = 4; lastKnownFileType = sourcecode.cpp.h; path = address_v6_iterator.hpp; sourceTree = "<group>"; };
		09B1E9C51D35D6E10046D959 /* address_v6_range.hpp */ = {isa = PBXFileReference; fileEncoding = 4; lastKnownFileType = sourcecode.cpp.h; path = address_v6_range.hpp; sourceTree = "<group>"; };
		09B1E9C61D35D6E10046D959 /* bad_address_cast.hpp */ = {isa = PBXFileReference; fileEncoding = 4; lastKnownFileType = sourcecode.cpp.h; path = bad_address_cast.hpp; sourceTree = "<group>"; };
		09B1E9C71D35D6E10046D959 /* basic_endpoint.hpp */ = {isa = PBXFileReference; fileEncoding = 4; lastKnownFileType = sourcecode.cpp.h; path = basic_endpoint.hpp; sourceTree = "<group>"; };
		09B1E9C91D35D6E10046D959 /* endpoint.hpp */ = {isa = PBXFileReference; fileEncoding = 4; lastKnownFileType = sourcecode.cpp.h; path = endpoint.hpp; sourceTree = "<group>"; };
		09B1E9CB1D35D6E10046D959 /* endpoint.ipp */ = {isa = PBXFileReference; fileEncoding = 4; lastKnownFileType = sourcecode.cpp.h; path = endpoint.ipp; sourceTree = "<group>"; };
		09B1E9CD1D35D6E10046D959 /* address.hpp */ = {isa = PBXFileReference; fileEncoding = 4; lastKnownFileType = sourcecode.cpp.h; path = address.hpp; sourceTree = "<group>"; };
		09B1E9CE1D35D6E10046D959 /* address.ipp */ = {isa = PBXFileReference; fileEncoding = 4; lastKnownFileType = sourcecode.cpp.h; path = address.ipp; sourceTree = "<group>"; };
		09B1E9CF1D35D6E10046D959 /* address_v4.hpp */ = {isa = PBXFileReference; fileEncoding = 4; lastKnownFileType = sourcecode.cpp.h; path = address_v4.hpp; sourceTree = "<group>"; };
		09B1E9D01D35D6E10046D959 /* address_v4.ipp */ = {isa = PBXFileReference; fileEncoding = 4; lastKnownFileType = sourcecode.cpp.h; path = address_v4.ipp; sourceTree = "<group>"; };
		09B1E9D11D35D6E10046D959 /* address_v6.hpp */ = {isa = PBXFileReference; fileEncoding = 4; lastKnownFileType = sourcecode.cpp.h; path = address_v6.hpp; sourceTree = "<group>"; };
		09B1E9D21D35D6E10046D959 /* address_v6.ipp */ = {isa = PBXFileReference; fileEncoding = 4; lastKnownFileType = sourcecode.cpp.h; path = address_v6.ipp; sourceTree = "<group>"; };
		09B1E9D31D35D6E10046D959 /* basic_endpoint.hpp */ = {isa = PBXFileReference; fileEncoding = 4; lastKnownFileType = sourcecode.cpp.h; path = basic_endpoint.hpp; sourceTree = "<group>"; };
		09B1E9D41D35D6E10046D959 /* tcp.hpp */ = {isa = PBXFileReference; fileEncoding = 4; lastKnownFileType = sourcecode.cpp.h; path = tcp.hpp; sourceTree = "<group>"; };
		09B1E9D51D35D6E10046D959 /* udp.hpp */ = {isa = PBXFileReference; fileEncoding = 4; lastKnownFileType = sourcecode.cpp.h; path = udp.hpp; sourceTree = "<group>"; };
		09B1E9D61D35D6E10046D959 /* IProtocol.cpp */ = {isa = PBXFileReference; fileEncoding = 4; lastKnownFileType = sourcecode.cpp.cpp; path = IProtocol.cpp; sourceTree = "<group>"; };
		09B1E9D71D35D6E10046D959 /* IProtocol.h */ = {isa = PBXFileReference; fileEncoding = 4; lastKnownFileType = sourcecode.c.h; path = IProtocol.h; sourceTree = "<group>"; };
		09B1E9D81D35D6E10046D959 /* network.hpp */ = {isa = PBXFileReference; fileEncoding = 4; lastKnownFileType = sourcecode.cpp.h; path = network.hpp; sourceTree = "<group>"; };
		09B1E9D91D35D6E10046D959 /* socket_types.hpp */ = {isa = PBXFileReference; fileEncoding = 4; lastKnownFileType = sourcecode.cpp.h; path = socket_types.hpp; sourceTree = "<group>"; };
		09B1E9DA1D35D6E10046D959 /* winsock_init.hpp */ = {isa = PBXFileReference; fileEncoding = 4; lastKnownFileType = sourcecode.cpp.h; path = winsock_init.hpp; sourceTree = "<group>"; };
		09B1E9DB1D35D6E10046D959 /* winsock_init.ipp */ = {isa = PBXFileReference; fileEncoding = 4; lastKnownFileType = sourcecode.cpp.h; path = winsock_init.ipp; sourceTree = "<group>"; };
		09B321F61CD9BDD800D11961 /* hex.hpp */ = {isa = PBXFileReference; fileEncoding = 4; lastKnownFileType = sourcecode.cpp.h; path = hex.hpp; sourceTree = "<group>"; };
		09B321F71CD9BDE800D11961 /* GenericPlatformMacros.cpp */ = {isa = PBXFileReference; fileEncoding = 4; lastKnownFileType = sourcecode.cpp.cpp; path = GenericPlatformMacros.cpp; sourceTree = "<group>"; };
		09B321FB1CD9BE1700D11961 /* BufferTest.h */ = {isa = PBXFileReference; fileEncoding = 4; lastKnownFileType = sourcecode.c.h; path = BufferTest.h; sourceTree = "<group>"; };
		09B321FC1CD9BE1700D11961 /* match.hpp */ = {isa = PBXFileReference; fileEncoding = 4; lastKnownFileType = sourcecode.cpp.h; path = match.hpp; sourceTree = "<group>"; };
		09B321FD1CD9BE6900D11961 /* DateTime.cpp */ = {isa = PBXFileReference; fileEncoding = 4; lastKnownFileType = sourcecode.cpp.cpp; path = DateTime.cpp; sourceTree = "<group>"; };
		09B321FE1CD9BE6900D11961 /* DateTime.h */ = {isa = PBXFileReference; fileEncoding = 4; lastKnownFileType = sourcecode.c.h; path = DateTime.h; sourceTree = "<group>"; };
		09B322011CD9BE6900D11961 /* Timespan.cpp */ = {isa = PBXFileReference; fileEncoding = 4; lastKnownFileType = sourcecode.cpp.cpp; path = Timespan.cpp; sourceTree = "<group>"; };
		09B322021CD9BE6900D11961 /* Timespan.h */ = {isa = PBXFileReference; fileEncoding = 4; lastKnownFileType = sourcecode.c.h; path = Timespan.h; sourceTree = "<group>"; };
		09B3779F1CE319DA00252204 /* ByteSwap.h */ = {isa = PBXFileReference; fileEncoding = 4; lastKnownFileType = sourcecode.c.h; path = ByteSwap.h; sourceTree = "<group>"; };
		09B377A01CE319DA00252204 /* Compression.cpp */ = {isa = PBXFileReference; fileEncoding = 4; lastKnownFileType = sourcecode.cpp.cpp; path = Compression.cpp; sourceTree = "<group>"; };
		09B377A11CE319DA00252204 /* Compression.h */ = {isa = PBXFileReference; fileEncoding = 4; lastKnownFileType = sourcecode.c.h; path = Compression.h; sourceTree = "<group>"; };
		09B377A31CE5D85A00252204 /* Environment.h */ = {isa = PBXFileReference; fileEncoding = 4; lastKnownFileType = sourcecode.c.h; path = Environment.h; sourceTree = "<group>"; };
		09B377A41CE5D86700252204 /* EnvironmentIos.mm */ = {isa = PBXFileReference; fileEncoding = 4; lastKnownFileType = sourcecode.cpp.objcpp; path = EnvironmentIos.mm; sourceTree = "<group>"; };
		09B377A61CE5DAB100252204 /* memory_aligned.hpp */ = {isa = PBXFileReference; fileEncoding = 4; lastKnownFileType = sourcecode.cpp.h; path = memory_aligned.hpp; sourceTree = "<group>"; };
		09E987281D0D255100CF3152 /* unique_id.cpp */ = {isa = PBXFileReference; fileEncoding = 4; lastKnownFileType = sourcecode.cpp.cpp; path = unique_id.cpp; sourceTree = "<group>"; };
		09E987291D0D255100CF3152 /* unique_id.hpp */ = {isa = PBXFileReference; fileEncoding = 4; lastKnownFileType = sourcecode.cpp.h; path = unique_id.hpp; sourceTree = "<group>"; };
/* End PBXFileReference section */

/* Begin PBXFrameworksBuildPhase section */
		0977BAF31AB6CC31006BC260 /* Frameworks */ = {
			isa = PBXFrameworksBuildPhase;
			buildActionMask = 2147483647;
			files = (
				09745DDF1CB8F6EC009D350F /* libz.a in Frameworks */,
				09745DDA1CB8F6EC009D350F /* libcrypto.a in Frameworks */,
				09745DDE1CB8F6EC009D350F /* libssl.a in Frameworks */,
				09745DDD1CB8F6EC009D350F /* libluajit.a in Frameworks */,
				09745DDB1CB8F6EC009D350F /* libcurl.a in Frameworks */,
				09745DDC1CB8F6EC009D350F /* liblua.a in Frameworks */,
				095286721ACA31DB00718FA9 /* Foundation.framework in Frameworks */,
			);
			runOnlyForDeploymentPostprocessing = 0;
		};
/* End PBXFrameworksBuildPhase section */

/* Begin PBXGroup section */
		091554F91D6DAA4B00A77571 /* HTTPClient */ = {
			isa = PBXGroup;
			children = (
				091554FA1D6DAA4B00A77571 /* HTTPClient.cpp */,
				091554FB1D6DAA4B00A77571 /* HTTPClient.h */,
				091554FC1D6DAA4B00A77571 /* HttpClientTest.h */,
				091554FD1D6DAA4B00A77571 /* HTTPRequest.hpp */,
				091554FE1D6DAA4B00A77571 /* HTTPResponse.hpp */,
				091554FF1D6DAA4B00A77571 /* MimeTypes.cpp */,
				091555001D6DAA4B00A77571 /* MimeTypes.h */,
			);
			path = HTTPClient;
			sourceTree = "<group>";
		};
		09745B281CB8F6E8009D350F /* FoundationKit */ = {
			isa = PBXGroup;
			children = (
				091554F91D6DAA4B00A77571 /* HTTPClient */,
				09B1E9B51D35D6E10046D959 /* Networking */,
				09B321F71CD9BDE800D11961 /* GenericPlatformMacros.cpp */,
				099B384E1CCF39610035F42A /* GenericPlatformMacros.h */,
				099B384B1CCF38C60035F42A /* std */,
				099B38431CCF38BA0035F42A /* experimental */,
				09745B291CB8F6E8009D350F /* Base */,
				09745B521CB8F6E8009D350F /* Cache */,
				09745B5C1CB8F6E8009D350F /* Crypto */,
				09745B8F1CB8F6E8009D350F /* external */,
				09745CBB1CB8F6EB009D350F /* Foundation */,
				09745CD71CB8F6EB009D350F /* FunctionHelper.h */,
				09745D3F1CB8F6EC009D350F /* HttpDownloader */,
				09745D461CB8F6EC009D350F /* LuaEngine */,
				09745D531CB8F6EC009D350F /* Platform */,
				09745D761CB8F6EC009D350F /* ScriptLib */,
				09745D9A1CB8F6EC009D350F /* test */,
				09745D9C1CB8F6EC009D350F /* Thread */,
			);
			name = FoundationKit;
			path = ../FoundationKit;
			sourceTree = "<group>";
		};
		09745B291CB8F6E8009D350F /* Base */ = {
			isa = PBXGroup;
			children = (
				0932D5B31D4EFE680004E055 /* error_code.hpp */,
				0932D5B41D4EFE680004E055 /* mutable_data.hpp */,
				0932D5B51D4EFE680004E055 /* timer_scheduler.hpp */,
				094617BC1CFBCE8C002A55EC /* TimeEx.cpp */,
				094617BD1CFBCE8C002A55EC /* TimeEx.h */,
				0987AF231CEC1D5A0097DD97 /* Timer.h */,
				09B321FD1CD9BE6900D11961 /* DateTime.cpp */,
				09B321FE1CD9BE6900D11961 /* DateTime.h */,
				09B322011CD9BE6900D11961 /* Timespan.cpp */,
				09B322021CD9BE6900D11961 /* Timespan.h */,
				09745B2A1CB8F6E8009D350F /* Buffer.h */,
				09745B2E1CB8F6E8009D350F /* DataStream.cpp */,
				09745B2F1CB8F6E8009D350F /* DataStream.h */,
				09745B301CB8F6E8009D350F /* Dictionary.h */,
				09745B311CB8F6E8009D350F /* MathContent.h */,
				09745B321CB8F6E8009D350F /* MathEx.cpp */,
				09745B331CB8F6E8009D350F /* MathEx.h */,
				09745B341CB8F6E8009D350F /* MathUtil.cpp */,
				09745B351CB8F6E8009D350F /* MathUtil.h */,
				09745B361CB8F6E8009D350F /* MathUtil.inl */,
				09745B371CB8F6E8009D350F /* MathUtilNeon.inl */,
				09745B381CB8F6E8009D350F /* Matrix.cpp */,
				09745B391CB8F6E8009D350F /* Matrix.h */,
				09745B3A1CB8F6E8009D350F /* Matrix.inl */,
				09745B3B1CB8F6E8009D350F /* noncopyable.hpp */,
				09745B3C1CB8F6E8009D350F /* nonmovable.hpp */,
				09745B3D1CB8F6E8009D350F /* Quaternion.cpp */,
				09745B3E1CB8F6E8009D350F /* Quaternion.h */,
				09745B3F1CB8F6E8009D350F /* RandomHelper.h */,
				09745B401CB8F6E8009D350F /* Rect.cpp */,
				09745B411CB8F6E8009D350F /* Rect.h */,
				09745B421CB8F6E8009D350F /* Runnable.h */,
				09745B431CB8F6E8009D350F /* Size.cpp */,
				09745B441CB8F6E8009D350F /* Size.h */,
				09745B451CB8F6E8009D350F /* Types.h */,
				09745B461CB8F6E8009D350F /* Value.cpp */,
				09745B471CB8F6E8009D350F /* Value.h */,
				09745B481CB8F6E8009D350F /* Value.inl */,
				09745B491CB8F6E8009D350F /* Vector2.cpp */,
				09745B4A1CB8F6E8009D350F /* Vector2.h */,
				09745B4B1CB8F6E8009D350F /* Vector2.inl */,
				09745B4C1CB8F6E8009D350F /* Vector3.cpp */,
				09745B4D1CB8F6E8009D350F /* Vector3.h */,
				09745B4E1CB8F6E8009D350F /* Vector3.inl */,
				09745B4F1CB8F6E8009D350F /* Vector4.cpp */,
				09745B501CB8F6E8009D350F /* Vector4.h */,
				09745B511CB8F6E8009D350F /* Vector4.inl */,
			);
			path = Base;
			sourceTree = "<group>";
		};
		09745B521CB8F6E8009D350F /* Cache */ = {
			isa = PBXGroup;
			children = (
				09745B531CB8F6E8009D350F /* AbstractCache.h */,
				09745B541CB8F6E8009D350F /* AbstractStrategy.h */,
				09745B551CB8F6E8009D350F /* KeyValueArgs.h */,
				09745B561CB8F6E8009D350F /* LRUCache.h */,
				09745B571CB8F6E8009D350F /* LRUCacheTest.h */,
				09745B581CB8F6E8009D350F /* LRUStrategy.h */,
			);
			path = Cache;
			sourceTree = "<group>";
		};
		09745B5C1CB8F6E8009D350F /* Crypto */ = {
			isa = PBXGroup;
			children = (
				09745B5D1CB8F6E8009D350F /* aes.cpp */,
				09745B5E1CB8F6E8009D350F /* aes.h */,
				09745B5F1CB8F6E8009D350F /* Base64.cpp */,
				09745B601CB8F6E8009D350F /* Base64.h */,
				09745B611CB8F6E8009D350F /* md5.hpp */,
				09745B621CB8F6E8009D350F /* sha1.hpp */,
			);
			path = Crypto;
			sourceTree = "<group>";
		};
		09745B8F1CB8F6E8009D350F /* external */ = {
			isa = PBXGroup;
			children = (
				09745BF81CB8F6E8009D350F /* ConvertUTF */,
				09745BFC1CB8F6E8009D350F /* ios */,
				09745C661CB8F6E9009D350F /* rapidjson */,
				09745C8D1CB8F6E9009D350F /* unzip */,
			);
			path = external;
			sourceTree = "<group>";
		};
		09745BF81CB8F6E8009D350F /* ConvertUTF */ = {
			isa = PBXGroup;
			children = (
				09745BF91CB8F6E8009D350F /* ConvertUTF.c */,
				09745BFA1CB8F6E8009D350F /* ConvertUTF.h */,
				09745BFB1CB8F6E8009D350F /* ConvertUTFWrapper.cpp */,
			);
			path = ConvertUTF;
			sourceTree = "<group>";
		};
		09745BFC1CB8F6E8009D350F /* ios */ = {
			isa = PBXGroup;
			children = (
				09745BFD1CB8F6E8009D350F /* include */,
				09745C191CB8F6E9009D350F /* libs */,
			);
			path = ios;
			sourceTree = "<group>";
		};
		09745BFD1CB8F6E8009D350F /* include */ = {
			isa = PBXGroup;
			children = (
				09745BFE1CB8F6E9009D350F /* curl */,
				09745C0A1CB8F6E9009D350F /* luajit */,
				09745C111CB8F6E9009D350F /* minizip */,
				09745C161CB8F6E9009D350F /* zlib */,
			);
			path = include;
			sourceTree = "<group>";
		};
		09745BFE1CB8F6E9009D350F /* curl */ = {
			isa = PBXGroup;
			children = (
				09745BFF1CB8F6E9009D350F /* curl.h */,
				09745C001CB8F6E9009D350F /* curlbuild-32.h */,
				09745C011CB8F6E9009D350F /* curlbuild-64.h */,
				09745C021CB8F6E9009D350F /* curlbuild.h */,
				09745C031CB8F6E9009D350F /* curlrules.h */,
				09745C041CB8F6E9009D350F /* curlver.h */,
				09745C051CB8F6E9009D350F /* easy.h */,
				09745C061CB8F6E9009D350F /* mprintf.h */,
				09745C071CB8F6E9009D350F /* multi.h */,
				09745C081CB8F6E9009D350F /* stdcheaders.h */,
				09745C091CB8F6E9009D350F /* typecheck-gcc.h */,
			);
			path = curl;
			sourceTree = "<group>";
		};
		09745C0A1CB8F6E9009D350F /* luajit */ = {
			isa = PBXGroup;
			children = (
				09745C0B1CB8F6E9009D350F /* lauxlib.h */,
				09745C0C1CB8F6E9009D350F /* lua.h */,
				09745C0D1CB8F6E9009D350F /* lua.hpp */,
				09745C0E1CB8F6E9009D350F /* luaconf.h */,
				09745C0F1CB8F6E9009D350F /* luajit.h */,
				09745C101CB8F6E9009D350F /* lualib.h */,
			);
			path = luajit;
			sourceTree = "<group>";
		};
		09745C111CB8F6E9009D350F /* minizip */ = {
			isa = PBXGroup;
			children = (
				09745C121CB8F6E9009D350F /* crypt.h */,
				09745C131CB8F6E9009D350F /* ioapi.h */,
				09745C141CB8F6E9009D350F /* unzip.h */,
				09745C151CB8F6E9009D350F /* zip.h */,
			);
			path = minizip;
			sourceTree = "<group>";
		};
		09745C161CB8F6E9009D350F /* zlib */ = {
			isa = PBXGroup;
			children = (
				09745C171CB8F6E9009D350F /* zconf.h */,
				09745C181CB8F6E9009D350F /* zlib.h */,
			);
			path = zlib;
			sourceTree = "<group>";
		};
		09745C191CB8F6E9009D350F /* libs */ = {
			isa = PBXGroup;
			children = (
				09745C1A1CB8F6E9009D350F /* libcrypto.a */,
				09745C1B1CB8F6E9009D350F /* libcurl.a */,
				09745C1C1CB8F6E9009D350F /* liblua.a */,
				09745C1D1CB8F6E9009D350F /* libluajit.a */,
				09745C1E1CB8F6E9009D350F /* libssl.a */,
				09745C1F1CB8F6E9009D350F /* libz.a */,
			);
			path = libs;
			sourceTree = "<group>";
		};
		09745C661CB8F6E9009D350F /* rapidjson */ = {
			isa = PBXGroup;
			children = (
				09745C671CB8F6E9009D350F /* allocators.h */,
				09745C681CB8F6E9009D350F /* document.h */,
				09745C691CB8F6E9009D350F /* encodedstream.h */,
				09745C6A1CB8F6E9009D350F /* encodings.h */,
				09745C6B1CB8F6E9009D350F /* error */,
				09745C6E1CB8F6E9009D350F /* filereadstream.h */,
				09745C6F1CB8F6E9009D350F /* filewritestream.h */,
				09745C701CB8F6E9009D350F /* fwd.h */,
				09745C711CB8F6E9009D350F /* internal */,
				09745C7E1CB8F6E9009D350F /* istreamwrapper.h */,
				09745C7F1CB8F6E9009D350F /* memorybuffer.h */,
				09745C801CB8F6E9009D350F /* memorystream.h */,
				09745C811CB8F6E9009D350F /* msinttypes */,
				09745C841CB8F6E9009D350F /* ostreamwrapper.h */,
				09745C851CB8F6E9009D350F /* pointer.h */,
				09745C861CB8F6E9009D350F /* prettywriter.h */,
				09745C871CB8F6E9009D350F /* rapidjson.h */,
				09745C881CB8F6E9009D350F /* reader.h */,
				09745C891CB8F6E9009D350F /* schema.h */,
				09745C8A1CB8F6E9009D350F /* stream.h */,
				09745C8B1CB8F6E9009D350F /* stringbuffer.h */,
				09745C8C1CB8F6E9009D350F /* writer.h */,
			);
			path = rapidjson;
			sourceTree = "<group>";
		};
		09745C6B1CB8F6E9009D350F /* error */ = {
			isa = PBXGroup;
			children = (
				09745C6C1CB8F6E9009D350F /* en.h */,
				09745C6D1CB8F6E9009D350F /* error.h */,
			);
			path = error;
			sourceTree = "<group>";
		};
		09745C711CB8F6E9009D350F /* internal */ = {
			isa = PBXGroup;
			children = (
				09745C721CB8F6E9009D350F /* biginteger.h */,
				09745C731CB8F6E9009D350F /* diyfp.h */,
				09745C741CB8F6E9009D350F /* dtoa.h */,
				09745C751CB8F6E9009D350F /* ieee754.h */,
				09745C761CB8F6E9009D350F /* itoa.h */,
				09745C771CB8F6E9009D350F /* meta.h */,
				09745C781CB8F6E9009D350F /* pow10.h */,
				09745C791CB8F6E9009D350F /* regex.h */,
				09745C7A1CB8F6E9009D350F /* stack.h */,
				09745C7B1CB8F6E9009D350F /* strfunc.h */,
				09745C7C1CB8F6E9009D350F /* strtod.h */,
				09745C7D1CB8F6E9009D350F /* swap.h */,
			);
			path = internal;
			sourceTree = "<group>";
		};
		09745C811CB8F6E9009D350F /* msinttypes */ = {
			isa = PBXGroup;
			children = (
				09745C821CB8F6E9009D350F /* inttypes.h */,
				09745C831CB8F6E9009D350F /* stdint.h */,
			);
			path = msinttypes;
			sourceTree = "<group>";
		};
		09745C8D1CB8F6E9009D350F /* unzip */ = {
			isa = PBXGroup;
			children = (
				09745C8E1CB8F6E9009D350F /* ioapi.cpp */,
				09745C8F1CB8F6E9009D350F /* ioapi.h */,
				09745C901CB8F6E9009D350F /* ioapi_mem.cpp */,
				09745C911CB8F6E9009D350F /* ioapi_mem.h */,
				09745C921CB8F6E9009D350F /* unzip.cpp */,
				09745C931CB8F6E9009D350F /* unzip.h */,
			);
			path = unzip;
			sourceTree = "<group>";
		};
		09745CBB1CB8F6EB009D350F /* Foundation */ = {
			isa = PBXGroup;
			children = (
				09E987281D0D255100CF3152 /* unique_id.cpp */,
				09E987291D0D255100CF3152 /* unique_id.hpp */,
				09B3779F1CE319DA00252204 /* ByteSwap.h */,
				09B377A01CE319DA00252204 /* Compression.cpp */,
				09B377A11CE319DA00252204 /* Compression.h */,
				09745CBC1CB8F6EB009D350F /* ApplyTuple.h */,
				09745CBD1CB8F6EB009D350F /* DelegateManager.cpp */,
				09745CBE1CB8F6EB009D350F /* DelegateManager.h */,
				09745CBF1CB8F6EB009D350F /* Exception.cpp */,
				09745CC01CB8F6EB009D350F /* Exception.h */,
				09745CC11CB8F6EB009D350F /* FunctionCenter.hpp */,
				09745CC21CB8F6EB009D350F /* Logger.cpp */,
				09745CC31CB8F6EB009D350F /* Logger.h */,
				09745CC41CB8F6EB009D350F /* MessageQueue.cpp */,
				09745CC51CB8F6EB009D350F /* MessageQueue.h */,
				09745CC61CB8F6EB009D350F /* Scheduler.cpp */,
				09745CC71CB8F6EB009D350F /* Scheduler.h */,
				09745CC81CB8F6EB009D350F /* Singleton.h */,
				09745CC91CB8F6EB009D350F /* StringUtils.cpp */,
				09745CCA1CB8F6EB009D350F /* StringUtils.h */,
				09745CCE1CB8F6EB009D350F /* TupleApply.h */,
				09745CCF1CB8F6EB009D350F /* uthash.h */,
				09745CD01CB8F6EB009D350F /* utlist.h */,
				09745CD11CB8F6EB009D350F /* Version.cpp */,
				09745CD21CB8F6EB009D350F /* Version.h */,
				09745CD31CB8F6EB009D350F /* WorkQueue.cpp */,
				09745CD41CB8F6EB009D350F /* WorkQueue.h */,
			);
			path = Foundation;
			sourceTree = "<group>";
		};
		09745D3F1CB8F6EC009D350F /* HttpDownloader */ = {
			isa = PBXGroup;
			children = (
				09745D401CB8F6EC009D350F /* Downloader.cpp */,
				09745D411CB8F6EC009D350F /* Downloader.h */,
				09745D421CB8F6EC009D350F /* DownloaderImpl.cpp */,
				09745D431CB8F6EC009D350F /* DownloaderImpl.h */,
				09745D441CB8F6EC009D350F /* DownloaderTest.h */,
				09745D451CB8F6EC009D350F /* IDownloaderImpl.h */,
			);
			path = HttpDownloader;
			sourceTree = "<group>";
		};
		09745D461CB8F6EC009D350F /* LuaEngine */ = {
			isa = PBXGroup;
			children = (
				09745D471CB8F6EC009D350F /* LuaEngine.cpp */,
				09745D481CB8F6EC009D350F /* LuaEngine.h */,
				09745D491CB8F6EC009D350F /* LuaLoader.cpp */,
				09745D4A1CB8F6EC009D350F /* LuaLoader.h */,
				09745D4B1CB8F6EC009D350F /* LuaScriptHelper.h */,
				09745D4C1CB8F6EC009D350F /* LuaScriptor.h */,
				09745D4D1CB8F6EC009D350F /* LuaStack.cpp */,
				09745D4E1CB8F6EC009D350F /* LuaStack.h */,
				09745D4F1CB8F6EC009D350F /* LuaValue.cpp */,
				09745D501CB8F6EC009D350F /* LuaValue.h */,
				09745D511CB8F6EC009D350F /* Script.cpp */,
				09745D521CB8F6EC009D350F /* Script.h */,
			);
			path = LuaEngine;
			sourceTree = "<group>";
		};
		09745D531CB8F6EC009D350F /* Platform */ = {
			isa = PBXGroup;
			children = (
				0932D5B71D4EFE8F0004E055 /* PlatformTLS.h */,
				09B377A31CE5D85A00252204 /* Environment.h */,
				0907E8411CE0838F00A65A3C /* OpenGL.h */,
				09745D651CB8F6EC009D350F /* FileUtils.cpp */,
				09745D661CB8F6EC009D350F /* FileUtils.h */,
				09745D671CB8F6EC009D350F /* ios */,
				09745D6C1CB8F6EC009D350F /* Platform.cpp */,
				09745D6D1CB8F6EC009D350F /* Platform.h */,
			);
			path = Platform;
			sourceTree = "<group>";
		};
		09745D671CB8F6EC009D350F /* ios */ = {
			isa = PBXGroup;
			children = (
				0932D5B61D4EFE880004E055 /* ApplePlatformTLS.h */,
				09B377A41CE5D86700252204 /* EnvironmentIos.mm */,
				09745D681CB8F6EC009D350F /* FileUtils_apple.mm */,
				09745D691CB8F6EC009D350F /* PlatformIos.mm */,
				09745D6A1CB8F6EC009D350F /* ProtectedMemoryAllocator.h */,
				09745D6B1CB8F6EC009D350F /* ProtectedMemoryAllocator.mm */,
			);
			path = ios;
			sourceTree = "<group>";
		};
		09745D761CB8F6EC009D350F /* ScriptLib */ = {
			isa = PBXGroup;
			children = (
				09745D771CB8F6EC009D350F /* classlib.lua */,
				09745D781CB8F6EC009D350F /* fileutils.lua */,
				09745D791CB8F6EC009D350F /* functional.lua */,
				09745D7A1CB8F6EC009D350F /* lua-stdlib */,
				09745D8E1CB8F6EC009D350F /* main.lua */,
				09745D8F1CB8F6EC009D350F /* stringex.lua */,
				09745D901CB8F6EC009D350F /* tableex.lua */,
				09745D911CB8F6EC009D350F /* unrequire.lua */,
			);
			path = ScriptLib;
			sourceTree = "<group>";
		};
		09745D7A1CB8F6EC009D350F /* lua-stdlib */ = {
			isa = PBXGroup;
			children = (
				09745D7B1CB8F6EC009D350F /* base.lua */,
				09745D7C1CB8F6EC009D350F /* container.lua */,
				09745D7D1CB8F6EC009D350F /* debug.lua */,
				09745D7E1CB8F6EC009D350F /* debug_init.lua */,
				09745D7F1CB8F6EC009D350F /* functional.lua */,
				09745D801CB8F6EC009D350F /* io.lua */,
				09745D811CB8F6EC009D350F /* list.lua */,
				09745D821CB8F6EC009D350F /* math.lua */,
				09745D831CB8F6EC009D350F /* object.lua */,
				09745D841CB8F6EC009D350F /* operator.lua */,
				09745D851CB8F6EC009D350F /* optparse.lua */,
				09745D861CB8F6EC009D350F /* package.lua */,
				09745D871CB8F6EC009D350F /* set.lua */,
				09745D881CB8F6EC009D350F /* strbuf.lua */,
				09745D891CB8F6EC009D350F /* strict.lua */,
				09745D8A1CB8F6EC009D350F /* string.lua */,
				09745D8B1CB8F6EC009D350F /* table.lua */,
				09745D8C1CB8F6EC009D350F /* tree.lua */,
				09745D8D1CB8F6EC009D350F /* vector.lua */,
			);
			path = "lua-stdlib";
			sourceTree = "<group>";
		};
		09745D9A1CB8F6EC009D350F /* test */ = {
			isa = PBXGroup;
			children = (
				09745D9B1CB8F6EC009D350F /* ApplyTupleTest.cpp */,
			);
			path = test;
			sourceTree = "<group>";
		};
		09745D9C1CB8F6EC009D350F /* Thread */ = {
			isa = PBXGroup;
			children = (
				09745D9D1CB8F6EC009D350F /* Impl */,
				09745DA21CB8F6EC009D350F /* thread.h */,
			);
			path = Thread;
			sourceTree = "<group>";
		};
		09745D9D1CB8F6EC009D350F /* Impl */ = {
			isa = PBXGroup;
			children = (
				09745D9E1CB8F6EC009D350F /* thread.h */,
				09745D9F1CB8F6EC009D350F /* thread_posix.h */,
				09745DA01CB8F6EC009D350F /* thread_win32.h */,
				09745DA11CB8F6EC009D350F /* thread_wp.h */,
			);
			path = Impl;
			sourceTree = "<group>";
		};
		0977BAED1AB6CC31006BC260 = {
			isa = PBXGroup;
			children = (
				09745B281CB8F6E8009D350F /* FoundationKit */,
				095286711ACA31DB00718FA9 /* Foundation.framework */,
				0977BAF71AB6CC31006BC260 /* Products */,
			);
			sourceTree = "<group>";
		};
		0977BAF71AB6CC31006BC260 /* Products */ = {
			isa = PBXGroup;
			children = (
				0977BAF61AB6CC31006BC260 /* libFoundationKit.a */,
			);
			name = Products;
			sourceTree = "<group>";
		};
		099B38431CCF38BA0035F42A /* experimental */ = {
			isa = PBXGroup;
			children = (
				09B321FB1CD9BE1700D11961 /* BufferTest.h */,
				09B321FC1CD9BE1700D11961 /* match.hpp */,
				099B38451CCF38BA0035F42A /* any.hpp */,
				099B38461CCF38BA0035F42A /* memory.cpp */,
				099B38471CCF38BA0035F42A /* memory.h */,
				099B38481CCF38BA0035F42A /* optional.hpp */,
				099B38491CCF38BA0035F42A /* readme.txt */,
			);
			path = experimental;
			sourceTree = "<group>";
		};
		099B384B1CCF38C60035F42A /* std */ = {
			isa = PBXGroup;
			children = (
				0987AF1E1CEC1D420097DD97 /* contains_of_type.hpp */,
				0987AF1F1CEC1D420097DD97 /* disable_if.hpp */,
				0987AF201CEC1D420097DD97 /* function_cache.hpp */,
				0987AF211CEC1D420097DD97 /* has_member.hpp */,
				0987AF221CEC1D420097DD97 /* max_integer_of.hpp */,
				09B377A61CE5DAB100252204 /* memory_aligned.hpp */,
				09B321F61CD9BDD800D11961 /* hex.hpp */,
				099B384C1CCF38C60035F42A /* function_traits.hpp */,
			);
			path = std;
			sourceTree = "<group>";
		};
		09B1E9B51D35D6E10046D959 /* Networking */ = {
			isa = PBXGroup;
			children = (
				09B1E9B61D35D6E10046D959 /* async_socket.hpp */,
				09B1E9B71D35D6E10046D959 /* basic_socket.hpp */,
				09B1E9B81D35D6E10046D959 /* detail */,
				09B1E9BE1D35D6E10046D959 /* ip */,
				09B1E9D61D35D6E10046D959 /* IProtocol.cpp */,
				09B1E9D71D35D6E10046D959 /* IProtocol.h */,
				09B1E9D81D35D6E10046D959 /* network.hpp */,
				09B1E9D91D35D6E10046D959 /* socket_types.hpp */,
				09B1E9DA1D35D6E10046D959 /* winsock_init.hpp */,
				09B1E9DB1D35D6E10046D959 /* winsock_init.ipp */,
			);
			path = Networking;
			sourceTree = "<group>";
		};
		09B1E9B81D35D6E10046D959 /* detail */ = {
			isa = PBXGroup;
			children = (
				09B1E9B91D35D6E10046D959 /* impl */,
				09B1E9BB1D35D6E10046D959 /* socket_base.hpp */,
				09B1E9BC1D35D6E10046D959 /* socket_ops.hpp */,
				09B1E9BD1D35D6E10046D959 /* socket_option.hpp */,
			);
			path = detail;
			sourceTree = "<group>";
		};
		09B1E9B91D35D6E10046D959 /* impl */ = {
			isa = PBXGroup;
			children = (
				09B1E9BA1D35D6E10046D959 /* socket_ops.ipp */,
			);
			path = impl;
			sourceTree = "<group>";
		};
		09B1E9BE1D35D6E10046D959 /* ip */ = {
			isa = PBXGroup;
			children = (
				09B1E9BF1D35D6E10046D959 /* address.hpp */,
				09B1E9C01D35D6E10046D959 /* address_v4.hpp */,
				09B1E9C11D35D6E10046D959 /* address_v4_iterator.hpp */,
				09B1E9C21D35D6E10046D959 /* address_v4_range.hpp */,
				09B1E9C31D35D6E10046D959 /* address_v6.hpp */,
				09B1E9C41D35D6E10046D959 /* address_v6_iterator.hpp */,
				09B1E9C51D35D6E10046D959 /* address_v6_range.hpp */,
				09B1E9C61D35D6E10046D959 /* bad_address_cast.hpp */,
				09B1E9C71D35D6E10046D959 /* basic_endpoint.hpp */,
				09B1E9C81D35D6E10046D959 /* detail */,
				09B1E9CC1D35D6E10046D959 /* impl */,
				09B1E9D41D35D6E10046D959 /* tcp.hpp */,
				09B1E9D51D35D6E10046D959 /* udp.hpp */,
			);
			path = ip;
			sourceTree = "<group>";
		};
		09B1E9C81D35D6E10046D959 /* detail */ = {
			isa = PBXGroup;
			children = (
				09B1E9C91D35D6E10046D959 /* endpoint.hpp */,
				09B1E9CA1D35D6E10046D959 /* impl */,
			);
			path = detail;
			sourceTree = "<group>";
		};
		09B1E9CA1D35D6E10046D959 /* impl */ = {
			isa = PBXGroup;
			children = (
				09B1E9CB1D35D6E10046D959 /* endpoint.ipp */,
			);
			path = impl;
			sourceTree = "<group>";
		};
		09B1E9CC1D35D6E10046D959 /* impl */ = {
			isa = PBXGroup;
			children = (
				09B1E9CD1D35D6E10046D959 /* address.hpp */,
				09B1E9CE1D35D6E10046D959 /* address.ipp */,
				09B1E9CF1D35D6E10046D959 /* address_v4.hpp */,
				09B1E9D01D35D6E10046D959 /* address_v4.ipp */,
				09B1E9D11D35D6E10046D959 /* address_v6.hpp */,
				09B1E9D21D35D6E10046D959 /* address_v6.ipp */,
				09B1E9D31D35D6E10046D959 /* basic_endpoint.hpp */,
			);
			path = impl;
			sourceTree = "<group>";
		};
/* End PBXGroup section */

/* Begin PBXNativeTarget section */
		0977BAF51AB6CC31006BC260 /* FoundationKit */ = {
			isa = PBXNativeTarget;
			buildConfigurationList = 0977BB0A1AB6CC32006BC260 /* Build configuration list for PBXNativeTarget "FoundationKit" */;
			buildPhases = (
				0977BAF21AB6CC31006BC260 /* Sources */,
				0977BAF31AB6CC31006BC260 /* Frameworks */,
				0977BAF41AB6CC31006BC260 /* CopyFiles */,
			);
			buildRules = (
			);
			dependencies = (
			);
			name = FoundationKit;
			productName = FoundationKit;
			productReference = 0977BAF61AB6CC31006BC260 /* libFoundationKit.a */;
			productType = "com.apple.product-type.library.static";
		};
/* End PBXNativeTarget section */

/* Begin PBXProject section */
		0977BAEE1AB6CC31006BC260 /* Project object */ = {
			isa = PBXProject;
			attributes = {
				LastUpgradeCheck = 0720;
				ORGANIZATIONNAME = libo;
				TargetAttributes = {
					0977BAF51AB6CC31006BC260 = {
						CreatedOnToolsVersion = 6.2;
					};
				};
			};
			buildConfigurationList = 0977BAF11AB6CC31006BC260 /* Build configuration list for PBXProject "FoundationKit" */;
			compatibilityVersion = "Xcode 3.2";
			developmentRegion = English;
			hasScannedForEncodings = 0;
			knownRegions = (
				en,
			);
			mainGroup = 0977BAED1AB6CC31006BC260;
			productRefGroup = 0977BAF71AB6CC31006BC260 /* Products */;
			projectDirPath = "";
			projectRoot = "";
			targets = (
				0977BAF51AB6CC31006BC260 /* FoundationKit */,
			);
		};
/* End PBXProject section */

/* Begin PBXSourcesBuildPhase section */
		0977BAF21AB6CC31006BC260 /* Sources */ = {
			isa = PBXSourcesBuildPhase;
			buildActionMask = 2147483647;
			files = (
				09745DAD1CB8F6EC009D350F /* Vector3.cpp in Sources */,
				09745E231CB8F6EC009D350F /* FileUtils.cpp in Sources */,
				09745DFD1CB8F6EC009D350F /* Version.cpp in Sources */,
				094617BE1CFBCE8C002A55EC /* TimeEx.cpp in Sources */,
				09745E181CB8F6EC009D350F /* LuaEngine.cpp in Sources */,
				09745DA51CB8F6EC009D350F /* MathEx.cpp in Sources */,
				09745DFE1CB8F6EC009D350F /* WorkQueue.cpp in Sources */,
				09745E251CB8F6EC009D350F /* PlatformIos.mm in Sources */,
				09B322031CD9BE6900D11961 /* DateTime.cpp in Sources */,
				091555011D6DAA4B00A77571 /* HTTPClient.cpp in Sources */,
				09B321F81CD9BDE800D11961 /* GenericPlatformMacros.cpp in Sources */,
				09745DA61CB8F6EC009D350F /* MathUtil.cpp in Sources */,
				09745DED1CB8F6EC009D350F /* ioapi_mem.cpp in Sources */,
				09745DF91CB8F6EC009D350F /* MessageQueue.cpp in Sources */,
				09745DAB1CB8F6EC009D350F /* Value.cpp in Sources */,
				09745DA41CB8F6EC009D350F /* DataStream.cpp in Sources */,
				09745DFA1CB8F6EC009D350F /* Scheduler.cpp in Sources */,
				09745DD81CB8F6EC009D350F /* ConvertUTF.c in Sources */,
				09745DAA1CB8F6EC009D350F /* Size.cpp in Sources */,
				09745E191CB8F6EC009D350F /* LuaLoader.cpp in Sources */,
				09745E241CB8F6EC009D350F /* FileUtils_apple.mm in Sources */,
				09745DAE1CB8F6EC009D350F /* Vector4.cpp in Sources */,
				09745DA71CB8F6EC009D350F /* Matrix.cpp in Sources */,
				09745DF81CB8F6EC009D350F /* Logger.cpp in Sources */,
				09745DAC1CB8F6EC009D350F /* Vector2.cpp in Sources */,
				09745DF71CB8F6EC009D350F /* Exception.cpp in Sources */,
				09745E271CB8F6EC009D350F /* Platform.cpp in Sources */,
				09745DF61CB8F6EC009D350F /* DelegateManager.cpp in Sources */,
				09B377A21CE319DA00252204 /* Compression.cpp in Sources */,
				09745DFB1CB8F6EC009D350F /* StringUtils.cpp in Sources */,
				09745DA91CB8F6EC009D350F /* Rect.cpp in Sources */,
				091555021D6DAA4B00A77571 /* MimeTypes.cpp in Sources */,
				09745DA81CB8F6EC009D350F /* Quaternion.cpp in Sources */,
				09745E1C1CB8F6EC009D350F /* Script.cpp in Sources */,
				09745E1A1CB8F6EC009D350F /* LuaStack.cpp in Sources */,
				09745E2B1CB8F6EC009D350F /* ApplyTupleTest.cpp in Sources */,
				09745E261CB8F6EC009D350F /* ProtectedMemoryAllocator.mm in Sources */,
				09745E161CB8F6EC009D350F /* Downloader.cpp in Sources */,
				09E9872A1D0D255100CF3152 /* unique_id.cpp in Sources */,
				09745E171CB8F6EC009D350F /* DownloaderImpl.cpp in Sources */,
				099B384A1CCF38BA0035F42A /* memory.cpp in Sources */,
				09745DEE1CB8F6EC009D350F /* unzip.cpp in Sources */,
				09745DD91CB8F6EC009D350F /* ConvertUTFWrapper.cpp in Sources */,
				09745DEC1CB8F6EC009D350F /* ioapi.cpp in Sources */,
				09745E1B1CB8F6EC009D350F /* LuaValue.cpp in Sources */,
				09745DB01CB8F6EC009D350F /* Base64.cpp in Sources */,
				09B1E9DC1D35D6E10046D959 /* IProtocol.cpp in Sources */,
				09B322051CD9BE6900D11961 /* Timespan.cpp in Sources */,
				09745DAF1CB8F6EC009D350F /* aes.cpp in Sources */,
				09B377A51CE5D86700252204 /* EnvironmentIos.mm in Sources */,
			);
			runOnlyForDeploymentPostprocessing = 0;
		};
/* End PBXSourcesBuildPhase section */

/* Begin XCBuildConfiguration section */
		0977BB081AB6CC32006BC260 /* Debug */ = {
			isa = XCBuildConfiguration;
			buildSettings = {
				ALWAYS_SEARCH_USER_PATHS = NO;
				CLANG_CXX_LANGUAGE_STANDARD = "c++0x";
				CLANG_CXX_LIBRARY = "libc++";
				CLANG_ENABLE_MODULES = YES;
				CLANG_ENABLE_OBJC_ARC = YES;
				CLANG_WARN_BOOL_CONVERSION = YES;
				CLANG_WARN_CONSTANT_CONVERSION = YES;
				CLANG_WARN_DIRECT_OBJC_ISA_USAGE = YES_ERROR;
				CLANG_WARN_EMPTY_BODY = YES;
				CLANG_WARN_ENUM_CONVERSION = YES;
				CLANG_WARN_INT_CONVERSION = YES;
				CLANG_WARN_OBJC_ROOT_CLASS = YES_ERROR;
				CLANG_WARN_UNREACHABLE_CODE = YES;
				CLANG_WARN__DUPLICATE_METHOD_MATCH = YES;
				COPY_PHASE_STRIP = NO;
				ENABLE_STRICT_OBJC_MSGSEND = YES;
				ENABLE_TESTABILITY = YES;
				GCC_C_LANGUAGE_STANDARD = c11;
				GCC_DYNAMIC_NO_PIC = NO;
				GCC_OPTIMIZATION_LEVEL = 0;
				GCC_PREPROCESSOR_DEFINITIONS = USE_FILE32API;
				GCC_SYMBOLS_PRIVATE_EXTERN = NO;
				GCC_WARN_64_TO_32_BIT_CONVERSION = YES;
				GCC_WARN_ABOUT_RETURN_TYPE = YES_ERROR;
				GCC_WARN_UNDECLARED_SELECTOR = YES;
				GCC_WARN_UNINITIALIZED_AUTOS = YES_AGGRESSIVE;
				GCC_WARN_UNUSED_FUNCTION = YES;
				GCC_WARN_UNUSED_VARIABLE = YES;
				HEADER_SEARCH_PATHS = (
					"$(inherited)",
					/Applications/Xcode.app/Contents/Developer/Toolchains/XcodeDefault.xctoolchain/usr/include,
					../../external/lua/luajit/include,
				);
				IPHONEOS_DEPLOYMENT_TARGET = 7.0;
				LIBRARY_SEARCH_PATHS = ../../external/lua/luajit/prebuilt/ios;
				MTL_ENABLE_DEBUG_INFO = YES;
				ONLY_ACTIVE_ARCH = YES;
				SDKROOT = iphoneos;
			};
			name = Debug;
		};
		0977BB091AB6CC32006BC260 /* Release */ = {
			isa = XCBuildConfiguration;
			buildSettings = {
				ALWAYS_SEARCH_USER_PATHS = NO;
				CLANG_CXX_LANGUAGE_STANDARD = "c++0x";
				CLANG_CXX_LIBRARY = "libc++";
				CLANG_ENABLE_MODULES = YES;
				CLANG_ENABLE_OBJC_ARC = YES;
				CLANG_WARN_BOOL_CONVERSION = YES;
				CLANG_WARN_CONSTANT_CONVERSION = YES;
				CLANG_WARN_DIRECT_OBJC_ISA_USAGE = YES_ERROR;
				CLANG_WARN_EMPTY_BODY = YES;
				CLANG_WARN_ENUM_CONVERSION = YES;
				CLANG_WARN_INT_CONVERSION = YES;
				CLANG_WARN_OBJC_ROOT_CLASS = YES_ERROR;
				CLANG_WARN_UNREACHABLE_CODE = YES;
				CLANG_WARN__DUPLICATE_METHOD_MATCH = YES;
				COPY_PHASE_STRIP = NO;
				ENABLE_NS_ASSERTIONS = NO;
				ENABLE_STRICT_OBJC_MSGSEND = YES;
				ENABLE_TESTABILITY = NO;
				GCC_C_LANGUAGE_STANDARD = c11;
				GCC_PREPROCESSOR_DEFINITIONS = USE_FILE32API;
				GCC_WARN_64_TO_32_BIT_CONVERSION = YES;
				GCC_WARN_ABOUT_RETURN_TYPE = YES_ERROR;
				GCC_WARN_UNDECLARED_SELECTOR = YES;
				GCC_WARN_UNINITIALIZED_AUTOS = YES_AGGRESSIVE;
				GCC_WARN_UNUSED_FUNCTION = YES;
				GCC_WARN_UNUSED_VARIABLE = YES;
				HEADER_SEARCH_PATHS = (
					"$(inherited)",
					/Applications/Xcode.app/Contents/Developer/Toolchains/XcodeDefault.xctoolchain/usr/include,
					../../external/lua/luajit/include,
				);
				IPHONEOS_DEPLOYMENT_TARGET = 7.0;
				LIBRARY_SEARCH_PATHS = ../../external/lua/luajit/prebuilt/ios;
				MTL_ENABLE_DEBUG_INFO = NO;
				SDKROOT = iphoneos;
				VALIDATE_PRODUCT = YES;
			};
			name = Release;
		};
		0977BB0B1AB6CC32006BC260 /* Debug */ = {
			isa = XCBuildConfiguration;
			buildSettings = {
				CLANG_ENABLE_OBJC_ARC = NO;
				ENABLE_TESTABILITY = YES;
				GCC_C_LANGUAGE_STANDARD = "compiler-default";
				GCC_PREPROCESSOR_DEFINITIONS = (
					"$(inherited)",
					"DEBUG=1",
				);
				GCC_SYMBOLS_PRIVATE_EXTERN = YES;
				HEADER_SEARCH_PATHS = (
					"$(inherited)",
					/Applications/Xcode.app/Contents/Developer/Toolchains/XcodeDefault.xctoolchain/usr/include,
					../,
					../FoundationKit/external/ios/include/curl,
					../FoundationKit/external/ios/include/luajit,
				);
				IPHONEOS_DEPLOYMENT_TARGET = 7.0;
				LIBRARY_SEARCH_PATHS = (
					"$(inherited)",
					../FoundationKit/external/ios/libs,
				);
				OTHER_LDFLAGS = "-ObjC";
				PRODUCT_NAME = "$(TARGET_NAME)";
				SKIP_INSTALL = YES;
			};
			name = Debug;
		};
		0977BB0C1AB6CC32006BC260 /* Release */ = {
			isa = XCBuildConfiguration;
			buildSettings = {
				CLANG_ENABLE_OBJC_ARC = NO;
				ENABLE_TESTABILITY = YES;
				GCC_C_LANGUAGE_STANDARD = "compiler-default";
				GCC_PREPROCESSOR_DEFINITIONS = "$(inherited)";
				GCC_SYMBOLS_PRIVATE_EXTERN = YES;
				HEADER_SEARCH_PATHS = (
					"$(inherited)",
					/Applications/Xcode.app/Contents/Developer/Toolchains/XcodeDefault.xctoolchain/usr/include,
					../,
					../FoundationKit/external/ios/include/curl,
					../FoundationKit/external/ios/include/luajit,
				);
				IPHONEOS_DEPLOYMENT_TARGET = 7.0;
				LIBRARY_SEARCH_PATHS = (
					"$(inherited)",
					../FoundationKit/external/ios/libs,
				);
				OTHER_LDFLAGS = "-ObjC";
				PRODUCT_NAME = "$(TARGET_NAME)";
				SKIP_INSTALL = YES;
			};
			name = Release;
		};
/* End XCBuildConfiguration section */

/* Begin XCConfigurationList section */
		0977BAF11AB6CC31006BC260 /* Build configuration list for PBXProject "FoundationKit" */ = {
			isa = XCConfigurationList;
			buildConfigurations = (
				0977BB081AB6CC32006BC260 /* Debug */,
				0977BB091AB6CC32006BC260 /* Release */,
			);
			defaultConfigurationIsVisible = 0;
			defaultConfigurationName = Release;
		};
		0977BB0A1AB6CC32006BC260 /* Build configuration list for PBXNativeTarget "FoundationKit" */ = {
			isa = XCConfigurationList;
			buildConfigurations = (
				0977BB0B1AB6CC32006BC260 /* Debug */,
				0977BB0C1AB6CC32006BC260 /* Release */,
			);
			defaultConfigurationIsVisible = 0;
			defaultConfigurationName = Release;
		};
/* End XCConfigurationList section */
	};
	rootObject = 0977BAEE1AB6CC31006BC260 /* Project object */;
}
