<?xml version="1.0" encoding="utf-8"?>
<Project ToolsVersion="4.0" xmlns="http://schemas.microsoft.com/developer/msbuild/2003">
  <ItemGroup>
    <Filter Include="Foundation">
      <UniqueIdentifier>{35bf071e-e06a-4a71-b90b-010242e1a23e}</UniqueIdentifier>
    </Filter>
    <Filter Include="Crypto">
      <UniqueIdentifier>{e59ca199-5fa8-4973-98bc-bd7185878d00}</UniqueIdentifier>
    </Filter>
    <Filter Include="Platform">
      <UniqueIdentifier>{4e5d3ba0-9fee-44bb-8846-cebb842049c8}</UniqueIdentifier>
    </Filter>
    <Filter Include="Platform\windows">
      <UniqueIdentifier>{fe579a28-0dfa-426e-92c5-130f254da9c5}</UniqueIdentifier>
    </Filter>
    <Filter Include="external">
      <UniqueIdentifier>{60fab813-1b98-4b94-9fae-2eb120e87216}</UniqueIdentifier>
    </Filter>
    <Filter Include="external\unzip">
      <UniqueIdentifier>{49aba178-7de0-4404-b102-a25107d2b7da}</UniqueIdentifier>
    </Filter>
    <Filter Include="external\ConvertUTF">
      <UniqueIdentifier>{6e38259a-cf06-416d-86f9-e944221f83b2}</UniqueIdentifier>
    </Filter>
    <Filter Include="Base">
      <UniqueIdentifier>{65b125cc-d559-4605-bbc6-67c151774db0}</UniqueIdentifier>
    </Filter>
    <Filter Include="experimental">
      <UniqueIdentifier>{77ba71ed-6746-4d2a-8085-4d7e997e5f01}</UniqueIdentifier>
    </Filter>
    <Filter Include="Platform\Android">
      <UniqueIdentifier>{6c301a9e-186b-43b5-87da-ef782acd1e95}</UniqueIdentifier>
    </Filter>
    <Filter Include="Platform\Android\AndroidJNI">
      <UniqueIdentifier>{9f18385f-544e-4e46-a73b-1c8a4951a8fe}</UniqueIdentifier>
    </Filter>
    <Filter Include="Platform\Apple">
      <UniqueIdentifier>{3ee1b1c5-1dc3-48fa-8bf9-b70ed5b062b4}</UniqueIdentifier>
    </Filter>
    <Filter Include="Platform\ios">
      <UniqueIdentifier>{95494ff4-e093-4572-9139-e142d0ec87a3}</UniqueIdentifier>
    </Filter>
    <Filter Include="Platform\mac">
      <UniqueIdentifier>{2065263b-45a1-44a2-a138-ef45432fbf0c}</UniqueIdentifier>
    </Filter>
    <Filter Include="Platform\windows\sys">
      <UniqueIdentifier>{bef2ae3c-6bfc-4e28-9173-943161f875f6}</UniqueIdentifier>
    </Filter>
    <Filter Include="Platform\linux">
      <UniqueIdentifier>{3ce1ac0c-7dbe-416d-8305-d3b4c0a458d5}</UniqueIdentifier>
    </Filter>
    <Filter Include="Platform\Android\AndroidInternal">
      <UniqueIdentifier>{d7ad321c-1c9f-48e9-9d63-1ca19ce83245}</UniqueIdentifier>
    </Filter>
    <Filter Include="ReserveClass">
      <UniqueIdentifier>{4e8076e7-005a-4b78-90eb-ba467b37326a}</UniqueIdentifier>
    </Filter>
    <Filter Include="Math">
      <UniqueIdentifier>{f16b61bc-6327-41ef-8a4f-9a0ae2813627}</UniqueIdentifier>
    </Filter>
  </ItemGroup>
  <ItemGroup>
    <ClInclude Include="..\FoundationKit\Crypto\md5.hpp">
      <Filter>Crypto</Filter>
    </ClInclude>
    <ClInclude Include="..\FoundationKit\Crypto\sha1.hpp">
      <Filter>Crypto</Filter>
    </ClInclude>
    <ClInclude Include="..\FoundationKit\external\unzip\ioapi.h">
      <Filter>external\unzip</Filter>
    </ClInclude>
    <ClInclude Include="..\FoundationKit\external\unzip\ioapi_mem.h">
      <Filter>external\unzip</Filter>
    </ClInclude>
    <ClInclude Include="..\FoundationKit\external\unzip\unzip.h">
      <Filter>external\unzip</Filter>
    </ClInclude>
    <ClInclude Include="..\FoundationKit\external\ConvertUTF\ConvertUTF.h">
      <Filter>external\ConvertUTF</Filter>
    </ClInclude>
    <ClInclude Include="..\FoundationKit\Base\basic_streambuf.hpp">
      <Filter>Base</Filter>
    </ClInclude>
    <ClInclude Include="..\FoundationKit\Base\noncopyable.hpp">
      <Filter>Base</Filter>
    </ClInclude>
    <ClInclude Include="..\FoundationKit\Base\nonmovable.hpp">
      <Filter>Base</Filter>
    </ClInclude>
    <ClInclude Include="..\FoundationKit\GenericPlatformMacros.hpp" />
    <ClInclude Include="..\FoundationKit\LanguageFeatures.hpp" />
    <ClInclude Include="..\FoundationKit\FoundationMacros.hpp" />
    <ClInclude Include="..\FoundationKit\Platform\Environment.hpp">
      <Filter>Platform</Filter>
    </ClInclude>
    <ClInclude Include="..\FoundationKit\Platform\PlatformTLS.hpp">
      <Filter>Platform</Filter>
    </ClInclude>
    <ClInclude Include="..\FoundationKit\Crypto\Base64.hpp">
      <Filter>Crypto</Filter>
    </ClInclude>
    <ClInclude Include="..\FoundationKit\Crypto\aes.hpp">
      <Filter>Crypto</Filter>
    </ClInclude>
    <ClInclude Include="..\FoundationKit\Base\types.hpp">
      <Filter>Base</Filter>
    </ClInclude>
    <ClInclude Include="..\FoundationKit\Base\byte_swap.hpp">
      <Filter>Base</Filter>
    </ClInclude>
    <ClInclude Include="..\FoundationKit\Platform\PlatformDevice.hpp">
      <Filter>Platform</Filter>
    </ClInclude>
    <ClInclude Include="..\FoundationKit\forward.hpp" />
    <ClInclude Include="..\FoundationKit\Crypto\des.hpp">
      <Filter>Crypto</Filter>
    </ClInclude>
    <ClInclude Include="..\FoundationKit\Crypto\urlencode.hpp">
      <Filter>Crypto</Filter>
    </ClInclude>
    <ClInclude Include="..\FoundationKit\Base\scope_guard.hpp">
      <Filter>Base</Filter>
    </ClInclude>
    <ClInclude Include="..\FoundationKit\experimental\BehaviourTree.hpp">
      <Filter>experimental</Filter>
    </ClInclude>
    <ClInclude Include="..\FoundationKit\experimental\BehaviourTreeTest.hpp">
      <Filter>experimental</Filter>
    </ClInclude>
    <ClInclude Include="..\FoundationKit\Base\string_builder.hpp">
      <Filter>Base</Filter>
    </ClInclude>
    <ClInclude Include="..\FoundationKit\Platform\Directory.hpp">
      <Filter>Platform</Filter>
    </ClInclude>
    <ClInclude Include="..\FoundationKit\Platform\File.hpp">
      <Filter>Platform</Filter>
    </ClInclude>
    <ClInclude Include="..\FoundationKit\Platform\Path.hpp">
      <Filter>Platform</Filter>
    </ClInclude>
    <ClInclude Include="..\FoundationKit\Base\unique_id.hpp">
      <Filter>Base</Filter>
    </ClInclude>
    <ClInclude Include="..\FoundationKit\Base\locale.hpp">
      <Filter>Base</Filter>
    </ClInclude>
    <ClInclude Include="..\FoundationKit\Base\lexical_cast.hpp">
      <Filter>Base</Filter>
    </ClInclude>
    <ClInclude Include="..\FoundationKit\Base\mutablebuf.hpp">
      <Filter>Base</Filter>
    </ClInclude>
    <ClInclude Include="..\FoundationKit\Base\algorithm.hpp">
      <Filter>Base</Filter>
    </ClInclude>
    <ClInclude Include="..\FoundationKit\Platform\Android\AndroidJNI\AndroidFoundation.hpp">
      <Filter>Platform\Android\AndroidJNI</Filter>
    </ClInclude>
    <ClInclude Include="..\FoundationKit\Platform\Android\AndroidJNI\AndroidJavaClass.hpp">
      <Filter>Platform\Android\AndroidJNI</Filter>
    </ClInclude>
    <ClInclude Include="..\FoundationKit\Platform\Android\AndroidJNI\AndroidJavaObject.hpp">
      <Filter>Platform\Android\AndroidJNI</Filter>
    </ClInclude>
    <ClInclude Include="..\FoundationKit\Platform\Android\AndroidJNI\AndroidJNI.hpp">
      <Filter>Platform\Android\AndroidJNI</Filter>
    </ClInclude>
    <ClInclude Include="..\FoundationKit\Platform\windows\WindowsPlatformTLS.hpp">
      <Filter>Platform\windows</Filter>
    </ClInclude>
    <ClInclude Include="..\FoundationKit\Platform\Android\AndroidJavaBridge.hpp">
      <Filter>Platform\Android</Filter>
    </ClInclude>
    <ClInclude Include="..\FoundationKit\Platform\Android\AndroidPlatformTLS.hpp">
      <Filter>Platform\Android</Filter>
    </ClInclude>
    <ClInclude Include="..\FoundationKit\Platform\Apple\ApplePlatformTLS.hpp">
      <Filter>Platform\Apple</Filter>
    </ClInclude>
    <ClInclude Include="..\FoundationKit\experimental\AsyncTask.hpp">
      <Filter>experimental</Filter>
    </ClInclude>
    <ClInclude Include="..\FoundationKit\Platform\windows\sys\dirent.h">
      <Filter>Platform\windows\sys</Filter>
    </ClInclude>
    <ClInclude Include="..\FoundationKit\Platform\windows\sys\resource.h">
      <Filter>Platform\windows\sys</Filter>
    </ClInclude>
    <ClInclude Include="..\FoundationKit\experimental\threadsafe_stack.hpp">
      <Filter>experimental</Filter>
    </ClInclude>
    <ClInclude Include="..\FoundationKit\Platform\windows\WindowsPlatformMemory.hpp">
      <Filter>Platform\windows</Filter>
    </ClInclude>
    <ClInclude Include="..\FoundationKit\Platform\PlatformMemory.hpp">
      <Filter>Platform</Filter>
    </ClInclude>
    <ClInclude Include="..\FoundationKit\Platform\Apple\ApplePlatformMemory.hpp">
      <Filter>Platform\Apple</Filter>
    </ClInclude>
    <ClInclude Include="..\FoundationKit\Platform\Android\AndroidPlatformMemory.hpp">
      <Filter>Platform\Android</Filter>
    </ClInclude>
    <ClInclude Include="..\FoundationKit\Base\apply.hpp">
      <Filter>Base</Filter>
    </ClInclude>
    <ClInclude Include="..\FoundationKit\Base\contains_of_type.hpp">
      <Filter>Base</Filter>
    </ClInclude>
    <ClInclude Include="..\FoundationKit\Base\disable_if.hpp">
      <Filter>Base</Filter>
    </ClInclude>
    <ClInclude Include="..\FoundationKit\Base\function_cache.hpp">
      <Filter>Base</Filter>
    </ClInclude>
    <ClInclude Include="..\FoundationKit\Base\function_traits.hpp">
      <Filter>Base</Filter>
    </ClInclude>
    <ClInclude Include="..\FoundationKit\Base\has_member.hpp">
      <Filter>Base</Filter>
    </ClInclude>
    <ClInclude Include="..\FoundationKit\Base\hex.hpp">
      <Filter>Base</Filter>
    </ClInclude>
    <ClInclude Include="..\FoundationKit\Base\max_integer_of.hpp">
      <Filter>Base</Filter>
    </ClInclude>
    <ClInclude Include="..\FoundationKit\Base\memory_aligned.hpp">
      <Filter>Base</Filter>
    </ClInclude>
    <ClInclude Include="..\FoundationKit\Platform\Android\AndroidPlatform.hpp">
      <Filter>Platform\Android</Filter>
    </ClInclude>
    <ClInclude Include="..\FoundationKit\Platform\ios\IOSPlatform.hpp">
      <Filter>Platform\ios</Filter>
    </ClInclude>
    <ClInclude Include="..\FoundationKit\Platform\mac\MACPlatform.hpp">
      <Filter>Platform\mac</Filter>
    </ClInclude>
    <ClInclude Include="..\FoundationKit\Platform\windows\WindowsPlatform.hpp">
      <Filter>Platform\windows</Filter>
    </ClInclude>
    <ClInclude Include="..\FoundationKit\experimental\FileHandle.hpp">
      <Filter>experimental</Filter>
    </ClInclude>
    <ClInclude Include="..\FoundationKit\experimental\IFileHandle.hpp">
      <Filter>experimental</Filter>
    </ClInclude>
    <ClInclude Include="..\FoundationKit\experimental\match.hpp">
      <Filter>experimental</Filter>
    </ClInclude>
    <ClInclude Include="..\FoundationKit\Platform\linux\LinuxPlatform.hpp">
      <Filter>Platform\linux</Filter>
    </ClInclude>
    <ClInclude Include="..\FoundationKit\Platform\linux\LinuxPlatformTLS.hpp">
      <Filter>Platform\linux</Filter>
    </ClInclude>
    <ClInclude Include="..\FoundationKit\Crypto\Base58.hpp">
      <Filter>Crypto</Filter>
    </ClInclude>
    <ClInclude Include="..\FoundationKit\Crypto\crc.hpp">
      <Filter>Crypto</Filter>
    </ClInclude>
    <ClInclude Include="..\FoundationKit\Platform\Android\AndroidInternal\ConnectivityManager.hpp">
      <Filter>Platform\Android\AndroidInternal</Filter>
    </ClInclude>
    <ClInclude Include="..\FoundationKit\Platform\Android\AndroidInternal\TelephonyManager.hpp">
      <Filter>Platform\Android\AndroidInternal</Filter>
    </ClInclude>
    <ClInclude Include="..\FoundationKit\Platform\Android\AndroidInternal\Context.hpp">
      <Filter>Platform\Android\AndroidInternal</Filter>
    </ClInclude>
    <ClInclude Include="..\FoundationKit\Platform\Android\AndroidInternal\NetworkInfo.hpp">
      <Filter>Platform\Android\AndroidInternal</Filter>
    </ClInclude>
    <ClInclude Include="..\FoundationKit\Base\error.hpp">
      <Filter>Base</Filter>
    </ClInclude>
    <ClInclude Include="..\FoundationKit\ReserveClass\ITickable.hpp">
      <Filter>ReserveClass</Filter>
    </ClInclude>
    <ClInclude Include="..\FoundationKit\ReserveClass\Runnable.hpp">
      <Filter>ReserveClass</Filter>
    </ClInclude>
    <ClInclude Include="..\FoundationKit\Math\Math.hpp">
      <Filter>Math</Filter>
    </ClInclude>
    <ClInclude Include="..\FoundationKit\Math\MathContent.hpp">
      <Filter>Math</Filter>
    </ClInclude>
    <ClInclude Include="..\FoundationKit\Math\MathUtil.hpp">
      <Filter>Math</Filter>
    </ClInclude>
    <ClInclude Include="..\FoundationKit\Math\Matrix.hpp">
      <Filter>Math</Filter>
    </ClInclude>
    <ClInclude Include="..\FoundationKit\Math\Quaternion.hpp">
      <Filter>Math</Filter>
    </ClInclude>
    <ClInclude Include="..\FoundationKit\Math\Rect.hpp">
      <Filter>Math</Filter>
    </ClInclude>
    <ClInclude Include="..\FoundationKit\Math\Size.hpp">
      <Filter>Math</Filter>
    </ClInclude>
    <ClInclude Include="..\FoundationKit\Math\Vector2.hpp">
      <Filter>Math</Filter>
    </ClInclude>
    <ClInclude Include="..\FoundationKit\Math\Vector3.hpp">
      <Filter>Math</Filter>
    </ClInclude>
    <ClInclude Include="..\FoundationKit\Math\Vector4.hpp">
      <Filter>Math</Filter>
    </ClInclude>
    <ClInclude Include="..\FoundationKit\Foundation\BitStream.hpp">
      <Filter>Foundation</Filter>
    </ClInclude>
    <ClInclude Include="..\FoundationKit\Foundation\Compression.hpp">
      <Filter>Foundation</Filter>
    </ClInclude>
    <ClInclude Include="..\FoundationKit\Foundation\DateTime.hpp">
      <Filter>Foundation</Filter>
    </ClInclude>
    <ClInclude Include="..\FoundationKit\Foundation\Dictionary.hpp">
      <Filter>Foundation</Filter>
    </ClInclude>
    <ClInclude Include="..\FoundationKit\Foundation\Directory.hpp">
      <Filter>Foundation</Filter>
    </ClInclude>
    <ClInclude Include="..\FoundationKit\Foundation\ElapsedTimer.hpp">
      <Filter>Foundation</Filter>
    </ClInclude>
    <ClInclude Include="..\FoundationKit\Foundation\Exception.hpp">
      <Filter>Foundation</Filter>
    </ClInclude>
    <ClInclude Include="..\FoundationKit\Foundation\File.hpp">
      <Filter>Foundation</Filter>
    </ClInclude>
    <ClInclude Include="..\FoundationKit\Foundation\FunctionHandler.hpp">
      <Filter>Foundation</Filter>
    </ClInclude>
    <ClInclude Include="..\FoundationKit\Foundation\NotificationCenter.hpp">
      <Filter>Foundation</Filter>
    </ClInclude>
    <ClInclude Include="..\FoundationKit\Foundation\Path.hpp">
      <Filter>Foundation</Filter>
    </ClInclude>
    <ClInclude Include="..\FoundationKit\Foundation\Singleton.hpp">
      <Filter>Foundation</Filter>
    </ClInclude>
    <ClInclude Include="..\FoundationKit\Foundation\StringUtils.hpp">
      <Filter>Foundation</Filter>
    </ClInclude>
    <ClInclude Include="..\FoundationKit\Foundation\Time.hpp">
      <Filter>Foundation</Filter>
    </ClInclude>
    <ClInclude Include="..\FoundationKit\Foundation\TimeSpan.hpp">
      <Filter>Foundation</Filter>
    </ClInclude>
    <ClInclude Include="..\FoundationKit\Foundation\TimeZone.hpp">
      <Filter>Foundation</Filter>
    </ClInclude>
    <ClInclude Include="..\FoundationKit\Foundation\Utility.hpp">
      <Filter>Foundation</Filter>
    </ClInclude>
    <ClInclude Include="..\FoundationKit\Foundation\Value.hpp">
      <Filter>Foundation</Filter>
    </ClInclude>
    <ClInclude Include="..\FoundationKit\Foundation\Version.hpp">
      <Filter>Foundation</Filter>
    </ClInclude>
  </ItemGroup>
  <ItemGroup>
    <ClCompile Include="..\FoundationKit\Crypto\aes.cpp">
      <Filter>Crypto</Filter>
    </ClCompile>
    <ClCompile Include="..\FoundationKit\external\unzip\ioapi.cpp">
      <Filter>external\unzip</Filter>
    </ClCompile>
    <ClCompile Include="..\FoundationKit\external\unzip\ioapi_mem.cpp">
      <Filter>external\unzip</Filter>
    </ClCompile>
    <ClCompile Include="..\FoundationKit\external\unzip\unzip.cpp">
      <Filter>external\unzip</Filter>
    </ClCompile>
    <ClCompile Include="..\FoundationKit\external\ConvertUTF\ConvertUTF.c">
      <Filter>external\ConvertUTF</Filter>
    </ClCompile>
    <ClCompile Include="..\FoundationKit\external\ConvertUTF\ConvertUTFWrapper.cpp">
      <Filter>external\ConvertUTF</Filter>
    </ClCompile>
    <ClCompile Include="..\FoundationKit\Crypto\Base64.cpp">
      <Filter>Crypto</Filter>
    </ClCompile>
    <ClCompile Include="..\FoundationKit\GenericPlatformMacros.cpp" />
    <ClCompile Include="..\FoundationKit\Crypto\des.cpp">
      <Filter>Crypto</Filter>
    </ClCompile>
    <ClCompile Include="..\FoundationKit\Platform\Directory.cpp">
      <Filter>Platform</Filter>
    </ClCompile>
    <ClCompile Include="..\FoundationKit\Platform\File.cpp">
      <Filter>Platform</Filter>
    </ClCompile>
    <ClCompile Include="..\FoundationKit\Platform\Path.cpp">
      <Filter>Platform</Filter>
    </ClCompile>
    <ClCompile Include="..\FoundationKit\Platform\Android\AndroidJNI\AndroidJNI.cpp">
      <Filter>Platform\Android\AndroidJNI</Filter>
    </ClCompile>
    <ClCompile Include="..\FoundationKit\Platform\windows\WindowsDevice.cpp">
      <Filter>Platform\windows</Filter>
    </ClCompile>
    <ClCompile Include="..\FoundationKit\Platform\windows\WindowsDirectory.cpp">
      <Filter>Platform\windows</Filter>
    </ClCompile>
    <ClCompile Include="..\FoundationKit\Platform\windows\WindowsEnvironment.cpp">
      <Filter>Platform\windows</Filter>
    </ClCompile>
    <ClCompile Include="..\FoundationKit\Platform\windows\WindowsFile.cpp">
      <Filter>Platform\windows</Filter>
    </ClCompile>
    <ClCompile Include="..\FoundationKit\Platform\windows\WindowsPath.cpp">
      <Filter>Platform\windows</Filter>
    </ClCompile>
    <ClCompile Include="..\FoundationKit\Platform\Android\AndroidDevice.cpp">
      <Filter>Platform\Android</Filter>
    </ClCompile>
    <ClCompile Include="..\FoundationKit\Platform\Android\AndroidDirectory.cpp">
      <Filter>Platform\Android</Filter>
    </ClCompile>
    <ClCompile Include="..\FoundationKit\Platform\Android\AndroidEnvironment.cpp">
      <Filter>Platform\Android</Filter>
    </ClCompile>
    <ClCompile Include="..\FoundationKit\Platform\Android\AndroidFile.cpp">
      <Filter>Platform\Android</Filter>
    </ClCompile>
    <ClCompile Include="..\FoundationKit\Platform\Android\AndroidJavaBridge.cpp">
      <Filter>Platform\Android</Filter>
    </ClCompile>
    <ClCompile Include="..\FoundationKit\Platform\Android\AndroidPath.cpp">
      <Filter>Platform\Android</Filter>
    </ClCompile>
    <ClCompile Include="..\FoundationKit\experimental\FileHandle.cpp">
      <Filter>experimental</Filter>
    </ClCompile>
    <ClCompile Include="..\FoundationKit\Crypto\Base58.cpp">
      <Filter>Crypto</Filter>
    </ClCompile>
    <ClCompile Include="..\FoundationKit\Math\Math.cpp">
      <Filter>Math</Filter>
    </ClCompile>
    <ClCompile Include="..\FoundationKit\Math\MathUtil.cpp">
      <Filter>Math</Filter>
    </ClCompile>
    <ClCompile Include="..\FoundationKit\Math\Matrix.cpp">
      <Filter>Math</Filter>
    </ClCompile>
    <ClCompile Include="..\FoundationKit\Math\Quaternion.cpp">
      <Filter>Math</Filter>
    </ClCompile>
    <ClCompile Include="..\FoundationKit\Math\Rect.cpp">
      <Filter>Math</Filter>
    </ClCompile>
    <ClCompile Include="..\FoundationKit\Math\Vector2.cpp">
      <Filter>Math</Filter>
    </ClCompile>
    <ClCompile Include="..\FoundationKit\Math\Vector3.cpp">
      <Filter>Math</Filter>
    </ClCompile>
    <ClCompile Include="..\FoundationKit\Math\Vector4.cpp">
      <Filter>Math</Filter>
    </ClCompile>
    <ClCompile Include="..\FoundationKit\Foundation\BitStream.cpp">
      <Filter>Foundation</Filter>
    </ClCompile>
    <ClCompile Include="..\FoundationKit\Foundation\Compression.cpp">
      <Filter>Foundation</Filter>
    </ClCompile>
    <ClCompile Include="..\FoundationKit\Foundation\DateTime.cpp">
      <Filter>Foundation</Filter>
    </ClCompile>
    <ClCompile Include="..\FoundationKit\Foundation\Exception.cpp">
      <Filter>Foundation</Filter>
    </ClCompile>
    <ClCompile Include="..\FoundationKit\Foundation\NotificationCenter.cpp">
      <Filter>Foundation</Filter>
    </ClCompile>
    <ClCompile Include="..\FoundationKit\Foundation\StringUtils.cpp">
      <Filter>Foundation</Filter>
    </ClCompile>
    <ClCompile Include="..\FoundationKit\Foundation\Time.cpp">
      <Filter>Foundation</Filter>
    </ClCompile>
    <ClCompile Include="..\FoundationKit\Foundation\TimeSpan.cpp">
      <Filter>Foundation</Filter>
    </ClCompile>
    <ClCompile Include="..\FoundationKit\Foundation\TimeZone.cpp">
      <Filter>Foundation</Filter>
    </ClCompile>
    <ClCompile Include="..\FoundationKit\Foundation\Value.cpp">
      <Filter>Foundation</Filter>
    </ClCompile>
    <ClCompile Include="..\FoundationKit\Foundation\Version.cpp">
      <Filter>Foundation</Filter>
    </ClCompile>
  </ItemGroup>
  <ItemGroup>
    <None Include="..\FoundationKit\Platform\Apple\AppleDirectory.mm">
      <Filter>Platform\Apple</Filter>
    </None>
    <None Include="..\FoundationKit\Platform\Apple\AppleEnvironment.mm">
      <Filter>Platform\Apple</Filter>
    </None>
    <None Include="..\FoundationKit\Platform\Apple\AppleFile.mm">
      <Filter>Platform\Apple</Filter>
    </None>
    <None Include="..\FoundationKit\Platform\Apple\ApplePath.mm">
      <Filter>Platform\Apple</Filter>
    </None>
    <None Include="..\FoundationKit\Platform\ios\IOSDevice.mm">
      <Filter>Platform\ios</Filter>
    </None>
    <None Include="..\FoundationKit\Platform\mac\MACDevice.mm">
      <Filter>Platform\mac</Filter>
    </None>
    <None Include="..\FoundationKit\Math\MathUtil.inl">
      <Filter>Math</Filter>
    </None>
    <None Include="..\FoundationKit\Math\MathUtilNeon.inl">
      <Filter>Math</Filter>
    </None>
    <None Include="..\FoundationKit\Math\MathUtilNeon64.inl">
      <Filter>Math</Filter>
    </None>
    <None Include="..\FoundationKit\Math\Matrix.inl">
      <Filter>Math</Filter>
    </None>
    <None Include="..\FoundationKit\Math\Vector2.inl">
      <Filter>Math</Filter>
    </None>
    <None Include="..\FoundationKit\Math\Vector3.inl">
      <Filter>Math</Filter>
    </None>
    <None Include="..\FoundationKit\Math\Vector4.inl">
      <Filter>Math</Filter>
    </None>
    <None Include="..\FoundationKit\Foundation\Value.inl">
      <Filter>Foundation</Filter>
    </None>
  </ItemGroup>
</Project>