<?xml version="1.0" encoding="utf-8"?>
<Project ToolsVersion="4.0" xmlns="http://schemas.microsoft.com/developer/msbuild/2003">
  <ItemGroup>
    <Filter Include="Foundation">
      <UniqueIdentifier>{35bf071e-e06a-4a71-b90b-010242e1a23e}</UniqueIdentifier>
    </Filter>
    <Filter Include="Crypto">
      <UniqueIdentifier>{e59ca199-5fa8-4973-98bc-bd7185878d00}</UniqueIdentifier>
    </Filter>
    <Filter Include="Platform">
      <UniqueIdentifier>{4e5d3ba0-9fee-44bb-8846-cebb842049c8}</UniqueIdentifier>
    </Filter>
    <Filter Include="Platform\windows">
      <UniqueIdentifier>{fe579a28-0dfa-426e-92c5-130f254da9c5}</UniqueIdentifier>
    </Filter>
    <Filter Include="Cache">
      <UniqueIdentifier>{343e3eed-76f8-47bf-8ed7-6d3d3d563667}</UniqueIdentifier>
    </Filter>
    <Filter Include="external">
      <UniqueIdentifier>{60fab813-1b98-4b94-9fae-2eb120e87216}</UniqueIdentifier>
    </Filter>
    <Filter Include="external\unzip">
      <UniqueIdentifier>{49aba178-7de0-4404-b102-a25107d2b7da}</UniqueIdentifier>
    </Filter>
    <Filter Include="external\ConvertUTF">
      <UniqueIdentifier>{6e38259a-cf06-416d-86f9-e944221f83b2}</UniqueIdentifier>
    </Filter>
    <Filter Include="Base">
      <UniqueIdentifier>{65b125cc-d559-4605-bbc6-67c151774db0}</UniqueIdentifier>
    </Filter>
    <Filter Include="std">
      <UniqueIdentifier>{113270e5-ac52-439c-a315-9677c3f83638}</UniqueIdentifier>
    </Filter>
    <Filter Include="Platform\windows\system">
      <UniqueIdentifier>{bef2ae3c-6bfc-4e28-9173-943161f875f6}</UniqueIdentifier>
    </Filter>
  </ItemGroup>
  <ItemGroup>
    <ClInclude Include="..\FoundationKit\Crypto\md5.hpp">
      <Filter>Crypto</Filter>
    </ClInclude>
    <ClInclude Include="..\FoundationKit\Crypto\sha1.hpp">
      <Filter>Crypto</Filter>
    </ClInclude>
    <ClInclude Include="..\FoundationKit\Cache\AbstractCache.h">
      <Filter>Cache</Filter>
    </ClInclude>
    <ClInclude Include="..\FoundationKit\Cache\AbstractStrategy.h">
      <Filter>Cache</Filter>
    </ClInclude>
    <ClInclude Include="..\FoundationKit\Cache\KeyValueArgs.h">
      <Filter>Cache</Filter>
    </ClInclude>
    <ClInclude Include="..\FoundationKit\Cache\LRUCache.h">
      <Filter>Cache</Filter>
    </ClInclude>
    <ClInclude Include="..\FoundationKit\Cache\LRUCacheTest.h">
      <Filter>Cache</Filter>
    </ClInclude>
    <ClInclude Include="..\FoundationKit\Cache\LRUStrategy.h">
      <Filter>Cache</Filter>
    </ClInclude>
    <ClInclude Include="..\FoundationKit\Platform\windows\ProtectedMemoryAllocatorTest.h">
      <Filter>Platform\windows</Filter>
    </ClInclude>
    <ClInclude Include="..\FoundationKit\external\unzip\ioapi.h">
      <Filter>external\unzip</Filter>
    </ClInclude>
    <ClInclude Include="..\FoundationKit\external\unzip\ioapi_mem.h">
      <Filter>external\unzip</Filter>
    </ClInclude>
    <ClInclude Include="..\FoundationKit\external\unzip\unzip.h">
      <Filter>external\unzip</Filter>
    </ClInclude>
    <ClInclude Include="..\FoundationKit\external\ConvertUTF\ConvertUTF.h">
      <Filter>external\ConvertUTF</Filter>
    </ClInclude>
    <ClInclude Include="..\FoundationKit\std\function_traits.hpp">
      <Filter>std</Filter>
    </ClInclude>
    <ClInclude Include="..\FoundationKit\std\hex.hpp">
      <Filter>std</Filter>
    </ClInclude>
    <ClInclude Include="..\FoundationKit\std\memory_aligned.hpp">
      <Filter>std</Filter>
    </ClInclude>
    <ClInclude Include="..\FoundationKit\std\contains_of_type.hpp">
      <Filter>std</Filter>
    </ClInclude>
    <ClInclude Include="..\FoundationKit\std\disable_if.hpp">
      <Filter>std</Filter>
    </ClInclude>
    <ClInclude Include="..\FoundationKit\std\has_member.hpp">
      <Filter>std</Filter>
    </ClInclude>
    <ClInclude Include="..\FoundationKit\std\max_integer_of.hpp">
      <Filter>std</Filter>
    </ClInclude>
    <ClInclude Include="..\FoundationKit\std\function_cache.hpp">
      <Filter>std</Filter>
    </ClInclude>
    <ClInclude Include="..\FoundationKit\Platform\windows\system\dirent.h">
      <Filter>Platform\windows\system</Filter>
    </ClInclude>
    <ClInclude Include="..\FoundationKit\std\match.hpp">
      <Filter>std</Filter>
    </ClInclude>
    <ClInclude Include="..\FoundationKit\Base\basic_streambuf.hpp">
      <Filter>Base</Filter>
    </ClInclude>
    <ClInclude Include="..\FoundationKit\Base\error_code.hpp">
      <Filter>Base</Filter>
    </ClInclude>
    <ClInclude Include="..\FoundationKit\Base\multiple_buffer.hpp">
      <Filter>Base</Filter>
    </ClInclude>
    <ClInclude Include="..\FoundationKit\Base\noncopyable.hpp">
      <Filter>Base</Filter>
    </ClInclude>
    <ClInclude Include="..\FoundationKit\Base\nonmovable.hpp">
      <Filter>Base</Filter>
    </ClInclude>
    <ClInclude Include="..\FoundationKit\GenericPlatformMacros.hpp" />
    <ClInclude Include="..\FoundationKit\LanguageFeatures.hpp" />
    <ClInclude Include="..\FoundationKit\FoundationMacros.hpp" />
    <ClInclude Include="..\FoundationKit\Foundation\Compression.hpp">
      <Filter>Foundation</Filter>
    </ClInclude>
    <ClInclude Include="..\FoundationKit\Foundation\DataStream.hpp">
      <Filter>Foundation</Filter>
    </ClInclude>
    <ClInclude Include="..\FoundationKit\Foundation\DateTime.hpp">
      <Filter>Foundation</Filter>
    </ClInclude>
    <ClInclude Include="..\FoundationKit\Foundation\DelegateManager.hpp">
      <Filter>Foundation</Filter>
    </ClInclude>
    <ClInclude Include="..\FoundationKit\Foundation\Singleton.hpp">
      <Filter>Foundation</Filter>
    </ClInclude>
    <ClInclude Include="..\FoundationKit\Foundation\StringUtils.hpp">
      <Filter>Foundation</Filter>
    </ClInclude>
    <ClInclude Include="..\FoundationKit\Foundation\Dictionary.hpp">
      <Filter>Foundation</Filter>
    </ClInclude>
    <ClInclude Include="..\FoundationKit\Foundation\ElapsedTimer.hpp">
      <Filter>Foundation</Filter>
    </ClInclude>
    <ClInclude Include="..\FoundationKit\Foundation\Exception.hpp">
      <Filter>Foundation</Filter>
    </ClInclude>
    <ClInclude Include="..\FoundationKit\Foundation\ITickable.hpp">
      <Filter>Foundation</Filter>
    </ClInclude>
    <ClInclude Include="..\FoundationKit\Foundation\Logger.hpp">
      <Filter>Foundation</Filter>
    </ClInclude>
    <ClInclude Include="..\FoundationKit\Foundation\MathContent.hpp">
      <Filter>Foundation</Filter>
    </ClInclude>
    <ClInclude Include="..\FoundationKit\Foundation\Math.hpp">
      <Filter>Foundation</Filter>
    </ClInclude>
    <ClInclude Include="..\FoundationKit\Foundation\MathUtil.hpp">
      <Filter>Foundation</Filter>
    </ClInclude>
    <ClInclude Include="..\FoundationKit\Foundation\Matrix.hpp">
      <Filter>Foundation</Filter>
    </ClInclude>
    <ClInclude Include="..\FoundationKit\Foundation\Quaternion.hpp">
      <Filter>Foundation</Filter>
    </ClInclude>
    <ClInclude Include="..\FoundationKit\Foundation\RandomHelper.hpp">
      <Filter>Foundation</Filter>
    </ClInclude>
    <ClInclude Include="..\FoundationKit\Foundation\Rect.hpp">
      <Filter>Foundation</Filter>
    </ClInclude>
    <ClInclude Include="..\FoundationKit\Foundation\Size.hpp">
      <Filter>Foundation</Filter>
    </ClInclude>
    <ClInclude Include="..\FoundationKit\Foundation\Timer.hpp">
      <Filter>Foundation</Filter>
    </ClInclude>
    <ClInclude Include="..\FoundationKit\Foundation\TimerQueue.hpp">
      <Filter>Foundation</Filter>
    </ClInclude>
    <ClInclude Include="..\FoundationKit\Foundation\Timespan.hpp">
      <Filter>Foundation</Filter>
    </ClInclude>
    <ClInclude Include="..\FoundationKit\Foundation\TupleApply.hpp">
      <Filter>Foundation</Filter>
    </ClInclude>
    <ClInclude Include="..\FoundationKit\Foundation\Vector2.hpp">
      <Filter>Foundation</Filter>
    </ClInclude>
    <ClInclude Include="..\FoundationKit\Foundation\Vector3.hpp">
      <Filter>Foundation</Filter>
    </ClInclude>
    <ClInclude Include="..\FoundationKit\Foundation\Vector4.hpp">
      <Filter>Foundation</Filter>
    </ClInclude>
    <ClInclude Include="..\FoundationKit\Foundation\Version.hpp">
      <Filter>Foundation</Filter>
    </ClInclude>
    <ClInclude Include="..\FoundationKit\Platform\Environment.hpp">
      <Filter>Platform</Filter>
    </ClInclude>
    <ClInclude Include="..\FoundationKit\Platform\windows\ProtectedMemoryAllocator.hpp">
      <Filter>Platform\windows</Filter>
    </ClInclude>
    <ClInclude Include="..\FoundationKit\Platform\windows\WindowsPlatformTLS.hpp">
      <Filter>Platform\windows</Filter>
    </ClInclude>
    <ClInclude Include="..\FoundationKit\Platform\FileUtils.hpp">
      <Filter>Platform</Filter>
    </ClInclude>
    <ClInclude Include="..\FoundationKit\Platform\OpenGL.hpp">
      <Filter>Platform</Filter>
    </ClInclude>
    <ClInclude Include="..\FoundationKit\Platform\Platform.hpp">
      <Filter>Platform</Filter>
    </ClInclude>
    <ClInclude Include="..\FoundationKit\Platform\PlatformTLS.hpp">
      <Filter>Platform</Filter>
    </ClInclude>
    <ClInclude Include="..\FoundationKit\Crypto\Base64.hpp">
      <Filter>Crypto</Filter>
    </ClInclude>
    <ClInclude Include="..\FoundationKit\Crypto\aes.hpp">
      <Filter>Crypto</Filter>
    </ClInclude>
    <ClInclude Include="..\FoundationKit\Foundation\ApplyTuple.hpp">
      <Filter>Foundation</Filter>
    </ClInclude>
    <ClInclude Include="..\FoundationKit\Base\types.hpp">
      <Filter>Base</Filter>
    </ClInclude>
    <ClInclude Include="..\FoundationKit\Foundation\Runnable.hpp">
      <Filter>Foundation</Filter>
    </ClInclude>
    <ClInclude Include="..\FoundationKit\Foundation\Value.hpp">
      <Filter>Foundation</Filter>
    </ClInclude>
    <ClInclude Include="..\FoundationKit\Base\byte_swap.hpp">
      <Filter>Base</Filter>
    </ClInclude>
    <ClInclude Include="..\FoundationKit\Platform\PlatformDevice.hpp">
      <Filter>Platform</Filter>
    </ClInclude>
    <ClInclude Include="..\FoundationKit\Base\scope_locale.hpp">
      <Filter>Base</Filter>
    </ClInclude>
    <ClInclude Include="..\FoundationKit\std\tuple_helper.hpp">
      <Filter>std</Filter>
    </ClInclude>
    <ClInclude Include="..\FoundationKit\Base\type_cast.hpp">
      <Filter>Base</Filter>
    </ClInclude>
  </ItemGroup>
  <ItemGroup>
    <ClCompile Include="..\FoundationKit\Crypto\aes.cpp">
      <Filter>Crypto</Filter>
    </ClCompile>
    <ClCompile Include="..\FoundationKit\Platform\Platform.cpp">
      <Filter>Platform</Filter>
    </ClCompile>
    <ClCompile Include="..\FoundationKit\Platform\FileUtils.cpp">
      <Filter>Platform</Filter>
    </ClCompile>
    <ClCompile Include="..\FoundationKit\Platform\windows\FileUtils_win32.cpp">
      <Filter>Platform\windows</Filter>
    </ClCompile>
    <ClCompile Include="..\FoundationKit\Platform\windows\PlatformWindows.cpp">
      <Filter>Platform\windows</Filter>
    </ClCompile>
    <ClCompile Include="..\FoundationKit\Platform\windows\ProtectedMemoryAllocator.cpp">
      <Filter>Platform\windows</Filter>
    </ClCompile>
    <ClCompile Include="..\FoundationKit\external\unzip\ioapi.cpp">
      <Filter>external\unzip</Filter>
    </ClCompile>
    <ClCompile Include="..\FoundationKit\external\unzip\ioapi_mem.cpp">
      <Filter>external\unzip</Filter>
    </ClCompile>
    <ClCompile Include="..\FoundationKit\external\unzip\unzip.cpp">
      <Filter>external\unzip</Filter>
    </ClCompile>
    <ClCompile Include="..\FoundationKit\external\ConvertUTF\ConvertUTF.c">
      <Filter>external\ConvertUTF</Filter>
    </ClCompile>
    <ClCompile Include="..\FoundationKit\external\ConvertUTF\ConvertUTFWrapper.cpp">
      <Filter>external\ConvertUTF</Filter>
    </ClCompile>
    <ClCompile Include="..\FoundationKit\Crypto\Base64.cpp">
      <Filter>Crypto</Filter>
    </ClCompile>
    <ClCompile Include="..\FoundationKit\Platform\windows\EnvironmentWindows.cpp">
      <Filter>Platform\windows</Filter>
    </ClCompile>
    <ClCompile Include="..\FoundationKit\GenericPlatformMacros.cpp" />
    <ClCompile Include="..\FoundationKit\Foundation\Compression.cpp">
      <Filter>Foundation</Filter>
    </ClCompile>
    <ClCompile Include="..\FoundationKit\Foundation\DataStream.cpp">
      <Filter>Foundation</Filter>
    </ClCompile>
    <ClCompile Include="..\FoundationKit\Foundation\DateTime.cpp">
      <Filter>Foundation</Filter>
    </ClCompile>
    <ClCompile Include="..\FoundationKit\Foundation\DelegateManager.cpp">
      <Filter>Foundation</Filter>
    </ClCompile>
    <ClCompile Include="..\FoundationKit\Foundation\Exception.cpp">
      <Filter>Foundation</Filter>
    </ClCompile>
    <ClCompile Include="..\FoundationKit\Foundation\Logger.cpp">
      <Filter>Foundation</Filter>
    </ClCompile>
    <ClCompile Include="..\FoundationKit\Foundation\MathUtil.cpp">
      <Filter>Foundation</Filter>
    </ClCompile>
    <ClCompile Include="..\FoundationKit\Foundation\Matrix.cpp">
      <Filter>Foundation</Filter>
    </ClCompile>
    <ClCompile Include="..\FoundationKit\Foundation\Quaternion.cpp">
      <Filter>Foundation</Filter>
    </ClCompile>
    <ClCompile Include="..\FoundationKit\Foundation\Rect.cpp">
      <Filter>Foundation</Filter>
    </ClCompile>
    <ClCompile Include="..\FoundationKit\Foundation\Size.cpp">
      <Filter>Foundation</Filter>
    </ClCompile>
    <ClCompile Include="..\FoundationKit\Foundation\StringUtils.cpp">
      <Filter>Foundation</Filter>
    </ClCompile>
    <ClCompile Include="..\FoundationKit\Foundation\Timer.cpp">
      <Filter>Foundation</Filter>
    </ClCompile>
    <ClCompile Include="..\FoundationKit\Foundation\TimerQueue.cpp">
      <Filter>Foundation</Filter>
    </ClCompile>
    <ClCompile Include="..\FoundationKit\Foundation\Timespan.cpp">
      <Filter>Foundation</Filter>
    </ClCompile>
    <ClCompile Include="..\FoundationKit\Foundation\Vector2.cpp">
      <Filter>Foundation</Filter>
    </ClCompile>
    <ClCompile Include="..\FoundationKit\Foundation\Vector3.cpp">
      <Filter>Foundation</Filter>
    </ClCompile>
    <ClCompile Include="..\FoundationKit\Foundation\Vector4.cpp">
      <Filter>Foundation</Filter>
    </ClCompile>
    <ClCompile Include="..\FoundationKit\Foundation\Version.cpp">
      <Filter>Foundation</Filter>
    </ClCompile>
    <ClCompile Include="..\FoundationKit\Foundation\Math.cpp">
      <Filter>Foundation</Filter>
    </ClCompile>
    <ClCompile Include="..\FoundationKit\Foundation\Value.cpp">
      <Filter>Foundation</Filter>
    </ClCompile>
    <ClCompile Include="..\FoundationKit\Platform\windows\PlatformDevice.cpp">
      <Filter>Platform\windows</Filter>
    </ClCompile>
  </ItemGroup>
  <ItemGroup>
    <None Include="..\FoundationKit\Foundation\MathUtil.inl">
      <Filter>Foundation</Filter>
    </None>
    <None Include="..\FoundationKit\Foundation\MathUtilNeon.inl">
      <Filter>Foundation</Filter>
    </None>
    <None Include="..\FoundationKit\Foundation\Matrix.inl">
      <Filter>Foundation</Filter>
    </None>
    <None Include="..\FoundationKit\Foundation\Vector2.inl">
      <Filter>Foundation</Filter>
    </None>
    <None Include="..\FoundationKit\Foundation\Vector3.inl">
      <Filter>Foundation</Filter>
    </None>
    <None Include="..\FoundationKit\Foundation\Vector4.inl">
      <Filter>Foundation</Filter>
    </None>
    <None Include="..\FoundationKit\Foundation\Value.inl">
      <Filter>Foundation</Filter>
    </None>
  </ItemGroup>
</Project>