<?xml version="1.0" encoding="utf-8"?>
<Project ToolsVersion="4.0" xmlns="http://schemas.microsoft.com/developer/msbuild/2003">
  <ItemGroup>
    <Filter Include="HTTPClient">
      <UniqueIdentifier>{b6a55fd4-1698-4fc6-910c-155822465ce6}</UniqueIdentifier>
    </Filter>
  </ItemGroup>
  <ItemGroup>
    <ClCompile Include="..\HTTPClient\HTTPClient.cpp">
      <Filter>HTTPClient</Filter>
    </ClCompile>
    <ClCompile Include="..\HTTPClient\libcurl_init.cpp">
      <Filter>HTTPClient</Filter>
    </ClCompile>
    <ClCompile Include="..\HTTPClient\MimeTypes.cpp">
      <Filter>HTTPClient</Filter>
    </ClCompile>
    <ClCompile Include="..\HTTPClient\HTTPCode.cpp">
      <Filter>HTTPClient</Filter>
    </ClCompile>
    <ClCompile Include="..\HTTPClient\HTTPRequest.cpp">
      <Filter>HTTPClient</Filter>
    </ClCompile>
    <ClCompile Include="..\HTTPClient\HTTPResponse.cpp">
      <Filter>HTTPClient</Filter>
    </ClCompile>
    <ClCompile Include="..\HTTPClient\HTTPUploader.cpp">
      <Filter>HTTPClient</Filter>
    </ClCompile>
    <ClCompile Include="..\HTTPClient\HTTPDownloader.cpp">
      <Filter>HTTPClient</Filter>
    </ClCompile>
  </ItemGroup>
  <ItemGroup>
    <ClInclude Include="..\HTTPClient\HTTPClient.hpp">
      <Filter>HTTPClient</Filter>
    </ClInclude>
    <ClInclude Include="..\HTTPClient\HTTPCode.hpp">
      <Filter>HTTPClient</Filter>
    </ClInclude>
    <ClInclude Include="..\HTTPClient\libcurl_init.hpp">
      <Filter>HTTPClient</Filter>
    </ClInclude>
    <ClInclude Include="..\HTTPClient\MimeTypes.hpp">
      <Filter>HTTPClient</Filter>
    </ClInclude>
    <ClInclude Include="..\HTTPClient\HTTPRequest.hpp">
      <Filter>HTTPClient</Filter>
    </ClInclude>
    <ClInclude Include="..\HTTPClient\HTTPResponse.hpp">
      <Filter>HTTPClient</Filter>
    </ClInclude>
    <ClInclude Include="..\HTTPClient\HTTPUploader.hpp">
      <Filter>HTTPClient</Filter>
    </ClInclude>
    <ClInclude Include="..\HTTPClient\HTTPDownloader.hpp">
      <Filter>HTTPClient</Filter>
    </ClInclude>
  </ItemGroup>
</Project>