<?xml version="1.0" encoding="utf-8"?>
<Project ToolsVersion="4.0" xmlns="http://schemas.microsoft.com/developer/msbuild/2003">
  <ItemGroup>
    <Text Include="ReadMe.txt" />
  </ItemGroup>
  <ItemGroup>
    <Filter Include="ApplicationFramework">
      <UniqueIdentifier>{fe97268f-8a47-4aab-84ce-3a751fdc45ed}</UniqueIdentifier>
    </Filter>
    <Filter Include="ApplicationFramework\win32">
      <UniqueIdentifier>{0ab2967a-b031-49fb-9890-f804740b4259}</UniqueIdentifier>
    </Filter>
  </ItemGroup>
  <ItemGroup>
    <ClInclude Include="..\ApplicationFramework\Application.h">
      <Filter>ApplicationFramework</Filter>
    </ClInclude>
    <ClInclude Include="..\ApplicationFramework\win32\Application.h">
      <Filter>ApplicationFramework\win32</Filter>
    </ClInclude>
    <ClInclude Include="..\ApplicationFramework\ApplicationDelegate.h">
      <Filter>ApplicationFramework</Filter>
    </ClInclude>
  </ItemGroup>
  <ItemGroup>
    <ClCompile Include="..\ApplicationFramework\win32\Application.cpp">
      <Filter>ApplicationFramework\win32</Filter>
    </ClCompile>
  </ItemGroup>
</Project>