<?xml version="1.0" encoding="utf-8"?>
<Project ToolsVersion="4.0" xmlns="http://schemas.microsoft.com/developer/msbuild/2003">
  <ItemGroup>
    <Filter Include="Networking">
      <UniqueIdentifier>{eb34a72e-3a62-4b5f-9e13-ffa5c07d1919}</UniqueIdentifier>
    </Filter>
    <Filter Include="Networking\detail">
      <UniqueIdentifier>{37857b21-cd7f-4f3f-bdf9-d9bb3a075fe3}</UniqueIdentifier>
    </Filter>
    <Filter Include="Networking\detail\impl">
      <UniqueIdentifier>{b9fe045a-034d-4329-9e27-72e044853a9f}</UniqueIdentifier>
    </Filter>
    <Filter Include="Networking\ip">
      <UniqueIdentifier>{afba303d-4a98-4bf6-9b77-13fe61425982}</UniqueIdentifier>
    </Filter>
    <Filter Include="Networking\ip\detail">
      <UniqueIdentifier>{78e3d656-7a89-4b18-b0c1-07fc67e3247c}</UniqueIdentifier>
    </Filter>
    <Filter Include="Networking\ip\detail\impl">
      <UniqueIdentifier>{3d335d3f-d691-423f-836e-42786aee5527}</UniqueIdentifier>
    </Filter>
    <Filter Include="Networking\ip\impl">
      <UniqueIdentifier>{9d43d02c-c387-4fad-ba1b-9b0f9f6906d8}</UniqueIdentifier>
    </Filter>
  </ItemGroup>
  <ItemGroup>
    <ClInclude Include="..\Networking\basic_socket.hpp">
      <Filter>Networking</Filter>
    </ClInclude>
    <ClInclude Include="..\Networking\IProtocol.h">
      <Filter>Networking</Filter>
    </ClInclude>
    <ClInclude Include="..\Networking\network.hpp">
      <Filter>Networking</Filter>
    </ClInclude>
    <ClInclude Include="..\Networking\socket_types.hpp">
      <Filter>Networking</Filter>
    </ClInclude>
    <ClInclude Include="..\Networking\winsock_init.hpp">
      <Filter>Networking</Filter>
    </ClInclude>
    <ClInclude Include="..\Networking\detail\socket_base.hpp">
      <Filter>Networking\detail</Filter>
    </ClInclude>
    <ClInclude Include="..\Networking\detail\socket_ops.hpp">
      <Filter>Networking\detail</Filter>
    </ClInclude>
    <ClInclude Include="..\Networking\detail\socket_option.hpp">
      <Filter>Networking\detail</Filter>
    </ClInclude>
    <ClInclude Include="..\Networking\ip\address.hpp">
      <Filter>Networking\ip</Filter>
    </ClInclude>
    <ClInclude Include="..\Networking\ip\address_v4.hpp">
      <Filter>Networking\ip</Filter>
    </ClInclude>
    <ClInclude Include="..\Networking\ip\address_v4_iterator.hpp">
      <Filter>Networking\ip</Filter>
    </ClInclude>
    <ClInclude Include="..\Networking\ip\address_v4_range.hpp">
      <Filter>Networking\ip</Filter>
    </ClInclude>
    <ClInclude Include="..\Networking\ip\address_v6.hpp">
      <Filter>Networking\ip</Filter>
    </ClInclude>
    <ClInclude Include="..\Networking\ip\address_v6_iterator.hpp">
      <Filter>Networking\ip</Filter>
    </ClInclude>
    <ClInclude Include="..\Networking\ip\address_v6_range.hpp">
      <Filter>Networking\ip</Filter>
    </ClInclude>
    <ClInclude Include="..\Networking\ip\bad_address_cast.hpp">
      <Filter>Networking\ip</Filter>
    </ClInclude>
    <ClInclude Include="..\Networking\ip\basic_endpoint.hpp">
      <Filter>Networking\ip</Filter>
    </ClInclude>
    <ClInclude Include="..\Networking\ip\multicast.hpp">
      <Filter>Networking\ip</Filter>
    </ClInclude>
    <ClInclude Include="..\Networking\ip\tcp.hpp">
      <Filter>Networking\ip</Filter>
    </ClInclude>
    <ClInclude Include="..\Networking\ip\udp.hpp">
      <Filter>Networking\ip</Filter>
    </ClInclude>
    <ClInclude Include="..\Networking\ip\detail\endpoint.hpp">
      <Filter>Networking\ip\detail</Filter>
    </ClInclude>
    <ClInclude Include="..\Networking\ip\impl\address.hpp">
      <Filter>Networking\ip\impl</Filter>
    </ClInclude>
    <ClInclude Include="..\Networking\ip\impl\address_v4.hpp">
      <Filter>Networking\ip\impl</Filter>
    </ClInclude>
    <ClInclude Include="..\Networking\ip\impl\address_v6.hpp">
      <Filter>Networking\ip\impl</Filter>
    </ClInclude>
    <ClInclude Include="..\Networking\ip\impl\basic_endpoint.hpp">
      <Filter>Networking\ip\impl</Filter>
    </ClInclude>
  </ItemGroup>
  <ItemGroup>
    <ClCompile Include="..\Networking\IProtocol.cpp">
      <Filter>Networking</Filter>
    </ClCompile>
  </ItemGroup>
  <ItemGroup>
    <None Include="..\Networking\winsock_init.ipp">
      <Filter>Networking</Filter>
    </None>
    <None Include="..\Networking\detail\impl\socket_ops.ipp">
      <Filter>Networking\detail\impl</Filter>
    </None>
    <None Include="..\Networking\ip\detail\impl\endpoint.ipp">
      <Filter>Networking\ip\detail\impl</Filter>
    </None>
    <None Include="..\Networking\ip\impl\address.ipp">
      <Filter>Networking\ip\impl</Filter>
    </None>
    <None Include="..\Networking\ip\impl\address_v4.ipp">
      <Filter>Networking\ip\impl</Filter>
    </None>
    <None Include="..\Networking\ip\impl\address_v6.ipp">
      <Filter>Networking\ip\impl</Filter>
    </None>
  </ItemGroup>
</Project>